// !$*UTF8*$!
{
	archiveVersion = 1;
	classes = {
	};
	objectVersion = 50;
	objects = {

/* Begin PBXBuildFile section */
		CC2CF6CA229E266700EF181D /* AppDelegate.swift in Sources */ = {isa = PBXBuildFile; fileRef = CC2CF6C9229E266700EF181D /* AppDelegate.swift */; };
		CC2CF6CC229E266700EF181D /* ViewController.swift in Sources */ = {isa = PBXBuildFile; fileRef = CC2CF6CB229E266700EF181D /* ViewController.swift */; };
		CC2CF6CF229E266700EF181D /* Main.storyboard in Resources */ = {isa = PBXBuildFile; fileRef = CC2CF6CD229E266700EF181D /* Main.storyboard */; };
		CC2CF6D1229E266800EF181D /* Assets.xcassets in Resources */ = {isa = PBXBuildFile; fileRef = CC2CF6D0229E266800EF181D /* Assets.xcassets */; };
		CC2CF6D4229E266800EF181D /* LaunchScreen.storyboard in Resources */ = {isa = PBXBuildFile; fileRef = CC2CF6D2229E266800EF181D /* LaunchScreen.storyboard */; };
		CC2CF6DF229E266800EF181D /* tableViewProjectTests.swift in Sources */ = {isa = PBXBuildFile; fileRef = CC2CF6DE229E266800EF181D /* tableViewProjectTests.swift */; };
		CC2CF6EA229E266800EF181D /* tableViewProjectUITests.swift in Sources */ = {isa = PBXBuildFile; fileRef = CC2CF6E9229E266800EF181D /* tableViewProjectUITests.swift */; };
/* End PBXBuildFile section */

/* Begin PBXContainerItemProxy section */
		CC2CF6DB229E266800EF181D /* PBXContainerItemProxy */ = {
			isa = PBXContainerItemProxy;
			containerPortal = CC2CF6BE229E266700EF181D /* Project object */;
			proxyType = 1;
			remoteGlobalIDString = CC2CF6C5229E266700EF181D;
			remoteInfo = tableViewProject;
		};
		CC2CF6E6229E266800EF181D /* PBXContainerItemProxy */ = {
			isa = PBXContainerItemProxy;
			containerPortal = CC2CF6BE229E266700EF181D /* Project object */;
			proxyType = 1;
			remoteGlobalIDString = CC2CF6C5229E266700EF181D;
			remoteInfo = tableViewProject;
		};
/* End PBXContainerItemProxy section */

/* Begin PBXFileReference section */
		CC2CF6C6229E266700EF181D /* tableViewProject.app */ = {isa = PBXFileReference; explicitFileType = wrapper.application; includeInIndex = 0; path = tableViewProject.app; sourceTree = BUILT_PRODUCTS_DIR; };
		CC2CF6C9229E266700EF181D /* AppDelegate.swift */ = {isa = PBXFileReference; lastKnownFileType = sourcecode.swift; path = AppDelegate.swift; sourceTree = "<group>"; };
		CC2CF6CB229E266700EF181D /* ViewController.swift */ = {isa = PBXFileReference; lastKnownFileType = sourcecode.swift; path = ViewController.swift; sourceTree = "<group>"; };
		CC2CF6CE229E266700EF181D /* Base */ = {isa = PBXFileReference; lastKnownFileType = file.storyboard; name = Base; path = Base.lproj/Main.storyboard; sourceTree = "<group>"; };
		CC2CF6D0229E266800EF181D /* Assets.xcassets */ = {isa = PBXFileReference; lastKnownFileType = folder.assetcatalog; path = Assets.xcassets; sourceTree = "<group>"; };
		CC2CF6D3229E266800EF181D /* Base */ = {isa = PBXFileReference; lastKnownFileType = file.storyboard; name = Base; path = Base.lproj/LaunchScreen.storyboard; sourceTree = "<group>"; };
		CC2CF6D5229E266800EF181D /* Info.plist */ = {isa = PBXFileReference; lastKnownFileType = text.plist.xml; path = Info.plist; sourceTree = "<group>"; };
		CC2CF6DA229E266800EF181D /* tableViewProjectTests.xctest */ = {isa = PBXFileReference; explicitFileType = wrapper.cfbundle; includeInIndex = 0; path = tableViewProjectTests.xctest; sourceTree = BUILT_PRODUCTS_DIR; };
		CC2CF6DE229E266800EF181D /* tableViewProjectTests.swift */ = {isa = PBXFileReference; lastKnownFileType = sourcecode.swift; path = tableViewProjectTests.swift; sourceTree = "<group>"; };
		CC2CF6E0229E266800EF181D /* Info.plist */ = {isa = PBXFileReference; lastKnownFileType = text.plist.xml; path = Info.plist; sourceTree = "<group>"; };
		CC2CF6E5229E266800EF181D /* tableViewProjectUITests.xctest */ = {isa = PBXFileReference; explicitFileType = wrapper.cfbundle; includeInIndex = 0; path = tableViewProjectUITests.xctest; sourceTree = BUILT_PRODUCTS_DIR; };
		CC2CF6E9229E266800EF181D /* tableViewProjectUITests.swift */ = {isa = PBXFileReference; lastKnownFileType = sourcecode.swift; path = tableViewProjectUITests.swift; sourceTree = "<group>"; };
		CC2CF6EB229E266800EF181D /* Info.plist */ = {isa = PBXFileReference; lastKnownFileType = text.plist.xml; path = Info.plist; sourceTree = "<group>"; };
/* End PBXFileReference section */

/* Begin PBXFrameworksBuildPhase section */
		CC2CF6C3229E266700EF181D /* Frameworks */ = {
			isa = PBXFrameworksBuildPhase;
			buildActionMask = 2147483647;
			files = (
			);
			runOnlyForDeploymentPostprocessing = 0;
		};
		CC2CF6D7229E266800EF181D /* Frameworks */ = {
			isa = PBXFrameworksBuildPhase;
			buildActionMask = 2147483647;
			files = (
			);
			runOnlyForDeploymentPostprocessing = 0;
		};
		CC2CF6E2229E266800EF181D /* Frameworks */ = {
			isa = PBXFrameworksBuildPhase;
			buildActionMask = 2147483647;
			files = (
			);
			runOnlyForDeploymentPostprocessing = 0;
		};
/* End PBXFrameworksBuildPhase section */

/* Begin PBXGroup section */
		CC2CF6BD229E266700EF181D = {
			isa = PBXGroup;
			children = (
				CC2CF6C8229E266700EF181D /* tableViewProject */,
				CC2CF6DD229E266800EF181D /* tableViewProjectTests */,
				CC2CF6E8229E266800EF181D /* tableViewProjectUITests */,
				CC2CF6C7229E266700EF181D /* Products */,
			);
			sourceTree = "<group>";
		};
		CC2CF6C7229E266700EF181D /* Products */ = {
			isa = PBXGroup;
			children = (
				CC2CF6C6229E266700EF181D /* tableViewProject.app */,
				CC2CF6DA229E266800EF181D /* tableViewProjectTests.xctest */,
				CC2CF6E5229E266800EF181D /* tableViewProjectUITests.xctest */,
			);
			name = Products;
			sourceTree = "<group>";
		};
		CC2CF6C8229E266700EF181D /* tableViewProject */ = {
			isa = PBXGroup;
			children = (
				CC2CF6C9229E266700EF181D /* AppDelegate.swift */,
				CC2CF6CB229E266700EF181D /* ViewController.swift */,
				CC2CF6CD229E266700EF181D /* Main.storyboard */,
				CC2CF6D0229E266800EF181D /* Assets.xcassets */,
				CC2CF6D2229E266800EF181D /* LaunchScreen.storyboard */,
				CC2CF6D5229E266800EF181D /* Info.plist */,
			);
			path = tableViewProject;
			sourceTree = "<group>";
		};
		CC2CF6DD229E266800EF181D /* tableViewProjectTests */ = {
			isa = PBXGroup;
			children = (
				CC2CF6DE229E266800EF181D /* tableViewProjectTests.swift */,
				CC2CF6E0229E266800EF181D /* Info.plist */,
			);
			path = tableViewProjectTests;
			sourceTree = "<group>";
		};
		CC2CF6E8229E266800EF181D /* tableViewProjectUITests */ = {
			isa = PBXGroup;
			children = (
				CC2CF6E9229E266800EF181D /* tableViewProjectUITests.swift */,
				CC2CF6EB229E266800EF181D /* Info.plist */,
			);
			path = tableViewProjectUITests;
			sourceTree = "<group>";
		};
/* End PBXGroup section */

/* Begin PBXNativeTarget section */
		CC2CF6C5229E266700EF181D /* tableViewProject */ = {
			isa = PBXNativeTarget;
			buildConfigurationList = CC2CF6EE229E266800EF181D /* Build configuration list for PBXNativeTarget "tableViewProject" */;
			buildPhases = (
				CC2CF6C2229E266700EF181D /* Sources */,
				CC2CF6C3229E266700EF181D /* Frameworks */,
				CC2CF6C4229E266700EF181D /* Resources */,
			);
			buildRules = (
			);
			dependencies = (
			);
			name = tableViewProject;
			productName = tableViewProject;
			productReference = CC2CF6C6229E266700EF181D /* tableViewProject.app */;
			productType = "com.apple.product-type.application";
		};
		CC2CF6D9229E266800EF181D /* tableViewProjectTests */ = {
			isa = PBXNativeTarget;
			buildConfigurationList = CC2CF6F1229E266800EF181D /* Build configuration list for PBXNativeTarget "tableViewProjectTests" */;
			buildPhases = (
				CC2CF6D6229E266800EF181D /* Sources */,
				CC2CF6D7229E266800EF181D /* Frameworks */,
				CC2CF6D8229E266800EF181D /* Resources */,
			);
			buildRules = (
			);
			dependencies = (
				CC2CF6DC229E266800EF181D /* PBXTargetDependency */,
			);
			name = tableViewProjectTests;
			productName = tableViewProjectTests;
			productReference = CC2CF6DA229E266800EF181D /* tableViewProjectTests.xctest */;
			productType = "com.apple.product-type.bundle.unit-test";
		};
		CC2CF6E4229E266800EF181D /* tableViewProjectUITests */ = {
			isa = PBXNativeTarget;
			buildConfigurationList = CC2CF6F4229E266800EF181D /* Build configuration list for PBXNativeTarget "tableViewProjectUITests" */;
			buildPhases = (
				CC2CF6E1229E266800EF181D /* Sources */,
				CC2CF6E2229E266800EF181D /* Frameworks */,
				CC2CF6E3229E266800EF181D /* Resources */,
			);
			buildRules = (
			);
			dependencies = (
				CC2CF6E7229E266800EF181D /* PBXTargetDependency */,
			);
			name = tableViewProjectUITests;
			productName = tableViewProjectUITests;
			productReference = CC2CF6E5229E266800EF181D /* tableViewProjectUITests.xctest */;
			productType = "com.apple.product-type.bundle.ui-testing";
		};
/* End PBXNativeTarget section */

/* Begin PBXProject section */
		CC2CF6BE229E266700EF181D /* Project object */ = {
			isa = PBXProject;
			attributes = {
				LastSwiftUpdateCheck = 1020;
				LastUpgradeCheck = 1020;
				ORGANIZATIONNAME = "Tomoyuki Hayakawa";
				TargetAttributes = {
					CC2CF6C5229E266700EF181D = {
						CreatedOnToolsVersion = 10.2.1;
					};
					CC2CF6D9229E266800EF181D = {
						CreatedOnToolsVersion = 10.2.1;
						TestTargetID = CC2CF6C5229E266700EF181D;
					};
					CC2CF6E4229E266800EF181D = {
						CreatedOnToolsVersion = 10.2.1;
						TestTargetID = CC2CF6C5229E266700EF181D;
					};
				};
			};
			buildConfigurationList = CC2CF6C1229E266700EF181D /* Build configuration list for PBXProject "tableViewProject" */;
			compatibilityVersion = "Xcode 9.3";
			developmentRegion = en;
			hasScannedForEncodings = 0;
			knownRegions = (
				en,
				Base,
			);
			mainGroup = CC2CF6BD229E266700EF181D;
			productRefGroup = CC2CF6C7229E266700EF181D /* Products */;
			projectDirPath = "";
			projectRoot = "";
			targets = (
				CC2CF6C5229E266700EF181D /* tableViewProject */,
				CC2CF6D9229E266800EF181D /* tableViewProjectTests */,
				CC2CF6E4229E266800EF181D /* tableViewProjectUITests */,
			);
		};
/* End PBXProject section */

/* Begin PBXResourcesBuildPhase section */
		CC2CF6C4229E266700EF181D /* Resources */ = {
			isa = PBXResourcesBuildPhase;
			buildActionMask = 2147483647;
			files = (
				CC2CF6D4229E266800EF181D /* LaunchScreen.storyboard in Resources */,
				CC2CF6D1229E266800EF181D /* Assets.xcassets in Resources */,
				CC2CF6CF229E266700EF181D /* Main.storyboard in Resources */,
			);
			runOnlyForDeploymentPostprocessing = 0;
		};
		CC2CF6D8229E266800EF181D /* Resources */ = {
			isa = PBXResourcesBuildPhase;
			buildActionMask = 2147483647;
			files = (
			);
			runOnlyForDeploymentPostprocessing = 0;
		};
		CC2CF6E3229E266800EF181D /* Resources */ = {
			isa = PBXResourcesBuildPhase;
			buildActionMask = 2147483647;
			files = (
			);
			runOnlyForDeploymentPostprocessing = 0;
		};
/* End PBXResourcesBuildPhase section */

/* Begin PBXSourcesBuildPhase section */
		CC2CF6C2229E266700EF181D /* Sources */ = {
			isa = PBXSourcesBuildPhase;
			buildActionMask = 2147483647;
			files = (
				CC2CF6CC229E266700EF181D /* ViewController.swift in Sources */,
				CC2CF6CA229E266700EF181D /* AppDelegate.swift in Sources */,
			);
			runOnlyForDeploymentPostprocessing = 0;
		};
		CC2CF6D6229E266800EF181D /* Sources */ = {
			isa = PBXSourcesBuildPhase;
			buildActionMask = 2147483647;
			files = (
				CC2CF6DF229E266800EF181D /* tableViewProjectTests.swift in Sources */,
			);
			runOnlyForDeploymentPostprocessing = 0;
		};
		CC2CF6E1229E266800EF181D /* Sources */ = {
			isa = PBXSourcesBuildPhase;
			buildActionMask = 2147483647;
			files = (
				CC2CF6EA229E266800EF181D /* tableViewProjectUITests.swift in Sources */,
			);
			runOnlyForDeploymentPostprocessing = 0;
		};
/* End PBXSourcesBuildPhase section */

/* Begin PBXTargetDependency section */
		CC2CF6DC229E266800EF181D /* PBXTargetDependency */ = {
			isa = PBXTargetDependency;
			target = CC2CF6C5229E266700EF181D /* tableViewProject */;
			targetProxy = CC2CF6DB229E266800EF181D /* PBXContainerItemProxy */;
		};
		CC2CF6E7229E266800EF181D /* PBXTargetDependency */ = {
			isa = PBXTargetDependency;
			target = CC2CF6C5229E266700EF181D /* tableViewProject */;
			targetProxy = CC2CF6E6229E266800EF181D /* PBXContainerItemProxy */;
		};
/* End PBXTargetDependency section */

/* Begin PBXVariantGroup section */
		CC2CF6CD229E266700EF181D /* Main.storyboard */ = {
			isa = PBXVariantGroup;
			children = (
				CC2CF6CE229E266700EF181D /* Base */,
			);
			name = Main.storyboard;
			sourceTree = "<group>";
		};
		CC2CF6D2229E266800EF181D /* LaunchScreen.storyboard */ = {
			isa = PBXVariantGroup;
			children = (
				CC2CF6D3229E266800EF181D /* Base */,
			);
			name = LaunchScreen.storyboard;
			sourceTree = "<group>";
		};
/* End PBXVariantGroup section */

/* Begin XCBuildConfiguration section */
		CC2CF6EC229E266800EF181D /* Debug */ = {
			isa = XCBuildConfiguration;
			buildSettings = {
				ALWAYS_SEARCH_USER_PATHS = NO;
				CLANG_ANALYZER_NONNULL = YES;
				CLANG_ANALYZER_NUMBER_OBJECT_CONVERSION = YES_AGGRESSIVE;
				CLANG_CXX_LANGUAGE_STANDARD = "gnu++14";
				CLANG_CXX_LIBRARY = "libc++";
				CLANG_ENABLE_MODULES = YES;
				CLANG_ENABLE_OBJC_ARC = YES;
				CLANG_ENABLE_OBJC_WEAK = YES;
				CLANG_WARN_BLOCK_CAPTURE_AUTORELEASING = YES;
				CLANG_WARN_BOOL_CONVERSION = YES;
				CLANG_WARN_COMMA = YES;
				CLANG_WARN_CONSTANT_CONVERSION = YES;
				CLANG_WARN_DEPRECATED_OBJC_IMPLEMENTATIONS = YES;
				CLANG_WARN_DIRECT_OBJC_ISA_USAGE = YES_ERROR;
				CLANG_WARN_DOCUMENTATION_COMMENTS = YES;
				CLANG_WARN_EMPTY_BODY = YES;
				CLANG_WARN_ENUM_CONVERSION = YES;
				CLANG_WARN_INFINITE_RECURSION = YES;
				CLANG_WARN_INT_CONVERSION = YES;
				CLANG_WARN_NON_LITERAL_NULL_CONVERSION = YES;
				CLANG_WARN_OBJC_IMPLICIT_RETAIN_SELF = YES;
				CLANG_WARN_OBJC_LITERAL_CONVERSION = YES;
				CLANG_WARN_OBJC_ROOT_CLASS = YES_ERROR;
				CLANG_WARN_RANGE_LOOP_ANALYSIS = YES;
				CLANG_WARN_STRICT_PROTOTYPES = YES;
				CLANG_WARN_SUSPICIOUS_MOVE = YES;
				CLANG_WARN_UNGUARDED_AVAILABILITY = YES_AGGRESSIVE;
				CLANG_WARN_UNREACHABLE_CODE = YES;
				CLANG_WARN__DUPLICATE_METHOD_MATCH = YES;
				CODE_SIGN_IDENTITY = "iPhone Developer";
				COPY_PHASE_STRIP = NO;
				DEBUG_INFORMATION_FORMAT = dwarf;
				ENABLE_STRICT_OBJC_MSGSEND = YES;
				ENABLE_TESTABILITY = YES;
				GCC_C_LANGUAGE_STANDARD = gnu11;
				GCC_DYNAMIC_NO_PIC = NO;
				GCC_NO_COMMON_BLOCKS = YES;
				GCC_OPTIMIZATION_LEVEL = 0;
				GCC_PREPROCESSOR_DEFINITIONS = (
					"DEBUG=1",
					"$(inherited)",
				);
				GCC_WARN_64_TO_32_BIT_CONVERSION = YES;
				GCC_WARN_ABOUT_RETURN_TYPE = YES_ERROR;
				GCC_WARN_UNDECLARED_SELECTOR = YES;
				GCC_WARN_UNINITIALIZED_AUTOS = YES_AGGRESSIVE;
				GCC_WARN_UNUSED_FUNCTION = YES;
				GCC_WARN_UNUSED_VARIABLE = YES;
				IPHONEOS_DEPLOYMENT_TARGET = 12.2;
				MTL_ENABLE_DEBUG_INFO = INCLUDE_SOURCE;
				MTL_FAST_MATH = YES;
				ONLY_ACTIVE_ARCH = YES;
				SDKROOT = iphoneos;
				SWIFT_ACTIVE_COMPILATION_CONDITIONS = DEBUG;
				SWIFT_OPTIMIZATION_LEVEL = "-Onone";
			};
			name = Debug;
		};
		CC2CF6ED229E266800EF181D /* Release */ = {
			isa = XCBuildConfiguration;
			buildSettings = {
				ALWAYS_SEARCH_USER_PATHS = NO;
				CLANG_ANALYZER_NONNULL = YES;
				CLANG_ANALYZER_NUMBER_OBJECT_CONVERSION = YES_AGGRESSIVE;
				CLANG_CXX_LANGUAGE_STANDARD = "gnu++14";
				CLANG_CXX_LIBRARY = "libc++";
				CLANG_ENABLE_MODULES = YES;
				CLANG_ENABLE_OBJC_ARC = YES;
				CLANG_ENABLE_OBJC_WEAK = YES;
				CLANG_WARN_BLOCK_CAPTURE_AUTORELEASING = YES;
				CLANG_WARN_BOOL_CONVERSION = YES;
				CLANG_WARN_COMMA = YES;
				CLANG_WARN_CONSTANT_CONVERSION = YES;
				CLANG_WARN_DEPRECATED_OBJC_IMPLEMENTATIONS = YES;
				CLANG_WARN_DIRECT_OBJC_ISA_USAGE = YES_ERROR;
				CLANG_WARN_DOCUMENTATION_COMMENTS = YES;
				CLANG_WARN_EMPTY_BODY = YES;
				CLANG_WARN_ENUM_CONVERSION = YES;
				CLANG_WARN_INFINITE_RECURSION = YES;
				CLANG_WARN_INT_CONVERSION = YES;
				CLANG_WARN_NON_LITERAL_NULL_CONVERSION = YES;
				CLANG_WARN_OBJC_IMPLICIT_RETAIN_SELF = YES;
				CLANG_WARN_OBJC_LITERAL_CONVERSION = YES;
				CLANG_WARN_OBJC_ROOT_CLASS = YES_ERROR;
				CLANG_WARN_RANGE_LOOP_ANALYSIS = YES;
				CLANG_WARN_STRICT_PROTOTYPES = YES;
				CLANG_WARN_SUSPICIOUS_MOVE = YES;
				CLANG_WARN_UNGUARDED_AVAILABILITY = YES_AGGRESSIVE;
				CLANG_WARN_UNREACHABLE_CODE = YES;
				CLANG_WARN__DUPLICATE_METHOD_MATCH = YES;
				CODE_SIGN_IDENTITY = "iPhone Developer";
				COPY_PHASE_STRIP = NO;
				DEBUG_INFORMATION_FORMAT = "dwarf-with-dsym";
				ENABLE_NS_ASSERTIONS = NO;
				ENABLE_STRICT_OBJC_MSGSEND = YES;
				GCC_C_LANGUAGE_STANDARD = gnu11;
				GCC_NO_COMMON_BLOCKS = YES;
				GCC_WARN_64_TO_32_BIT_CONVERSION = YES;
				GCC_WARN_ABOUT_RETURN_TYPE = YES_ERROR;
				GCC_WARN_UNDECLARED_SELECTOR = YES;
				GCC_WARN_UNINITIALIZED_AUTOS = YES_AGGRESSIVE;
				GCC_WARN_UNUSED_FUNCTION = YES;
				GCC_WARN_UNUSED_VARIABLE = YES;
				IPHONEOS_DEPLOYMENT_TARGET = 12.2;
				MTL_ENABLE_DEBUG_INFO = NO;
				MTL_FAST_MATH = YES;
				SDKROOT = iphoneos;
				SWIFT_COMPILATION_MODE = wholemodule;
				SWIFT_OPTIMIZATION_LEVEL = "-O";
				VALIDATE_PRODUCT = YES;
			};
			name = Release;
		};
		CC2CF6EF229E266800EF181D /* Debug */ = {
			isa = XCBuildConfiguration;
			buildSettings = {
				ASSETCATALOG_COMPILER_APPICON_NAME = AppIcon;
				CODE_SIGN_STYLE = Automatic;
				DEVELOPMENT_TEAM = 7BYUJ689J5;
				INFOPLIST_FILE = tableViewProject/Info.plist;
				LD_RUNPATH_SEARCH_PATHS = (
					"$(inherited)",
					"@executable_path/Frameworks",
				);
				PRODUCT_BUNDLE_IDENTIFIER = "Tomoyuki-Hayakawa.tableViewProject";
				PRODUCT_NAME = "$(TARGET_NAME)";
				SWIFT_VERSION = 5.0;
				TARGETED_DEVICE_FAMILY = "1,2";
			};
			name = Debug;
		};
		CC2CF6F0229E266800EF181D /* Release */ = {
			isa = XCBuildConfiguration;
			buildSettings = {
				ASSETCATALOG_COMPILER_APPICON_NAME = AppIcon;
				CODE_SIGN_STYLE = Automatic;
				DEVELOPMENT_TEAM = 7BYUJ689J5;
				INFOPLIST_FILE = tableViewProject/Info.plist;
				LD_RUNPATH_SEARCH_PATHS = (
					"$(inherited)",
					"@executable_path/Frameworks",
				);
				PRODUCT_BUNDLE_IDENTIFIER = "Tomoyuki-Hayakawa.tableViewProject";
				PRODUCT_NAME = "$(TARGET_NAME)";
				SWIFT_VERSION = 5.0;
				TARGETED_DEVICE_FAMILY = "1,2";
			};
			name = Release;
		};
		CC2CF6F2229E266800EF181D /* Debug */ = {
			isa = XCBuildConfiguration;
			buildSettings = {
				ALWAYS_EMBED_SWIFT_STANDARD_LIBRARIES = YES;
				BUNDLE_LOADER = "$(TEST_HOST)";
				CODE_SIGN_STYLE = Automatic;
				DEVELOPMENT_TEAM = 7BYUJ689J5;
				INFOPLIST_FILE = tableViewProjectTests/Info.plist;
				LD_RUNPATH_SEARCH_PATHS = (
					"$(inherited)",
					"@executable_path/Frameworks",
					"@loader_path/Frameworks",
				);
				PRODUCT_BUNDLE_IDENTIFIER = "Tomoyuki-Hayakawa.tableViewProjectTests";
				PRODUCT_NAME = "$(TARGET_NAME)";
				SWIFT_VERSION = 5.0;
				TARGETED_DEVICE_FAMILY = "1,2";
				TEST_HOST = "$(BUILT_PRODUCTS_DIR)/tableViewProject.app/tableViewProject";
			};
			name = Debug;
		};
		CC2CF6F3229E266800EF181D /* Release */ = {
			isa = XCBuildConfiguration;
			buildSettings = {
				ALWAYS_EMBED_SWIFT_STANDARD_LIBRARIES = YES;
				BUNDLE_LOADER = "$(TEST_HOST)";
				CODE_SIGN_STYLE = Automatic;
				DEVELOPMENT_TEAM = 7BYUJ689J5;
				INFOPLIST_FILE = tableViewProjectTests/Info.plist;
				LD_RUNPATH_SEARCH_PATHS = (
					"$(inherited)",
					"@executable_path/Frameworks",
					"@loader_path/Frameworks",
				);
				PRODUCT_BUNDLE_IDENTIFIER = "Tomoyuki-Hayakawa.tableViewProjectTests";
				PRODUCT_NAME = "$(TARGET_NAME)";
				SWIFT_VERSION = 5.0;
				TARGETED_DEVICE_FAMILY = "1,2";
				TEST_HOST = "$(BUILT_PRODUCTS_DIR)/tableViewProject.app/tableViewProject";
			};
			name = Release;
		};
		CC2CF6F5229E266800EF181D /* Debug */ = {
			isa = XCBuildConfiguration;
			buildSettings = {
				ALWAYS_EMBED_SWIFT_STANDARD_LIBRARIES = YES;
				CODE_SIGN_STYLE = Automatic;
				DEVELOPMENT_TEAM = 7BYUJ689J5;
				INFOPLIST_FILE = tableViewProjectUITests/Info.plist;
				LD_RUNPATH_SEARCH_PATHS = (
					"$(inherited)",
					"@executable_path/Frameworks",
					"@loader_path/Frameworks",
				);
				PRODUCT_BUNDLE_IDENTIFIER = "Tomoyuki-Hayakawa.tableViewProjectUITests";
				PRODUCT_NAME = "$(TARGET_NAME)";
				SWIFT_VERSION = 5.0;
				TARGETED_DEVICE_FAMILY = "1,2";
				TEST_TARGET_NAME = tableViewProject;
			};
			name = Debug;
		};
		CC2CF6F6229E266800EF181D /* Release */ = {
			isa = XCBuildConfiguration;
			buildSettings = {
				ALWAYS_EMBED_SWIFT_STANDARD_LIBRARIES = YES;
				CODE_SIGN_STYLE = Automatic;
				DEVELOPMENT_TEAM = 7BYUJ689J5;
				INFOPLIST_FILE = tableViewProjectUITests/Info.plist;
				LD_RUNPATH_SEARCH_PATHS = (
					"$(inherited)",
					"@executable_path/Frameworks",
					"@loader_path/Frameworks",
				);
				PRODUCT_BUNDLE_IDENTIFIER = "Tomoyuki-Hayakawa.tableViewProjectUITests";
				PRODUCT_NAME = "$(TARGET_NAME)";
				SWIFT_VERSION = 5.0;
				TARGETED_DEVICE_FAMILY = "1,2";
				TEST_TARGET_NAME = tableViewProject;
			};
			name = Release;
		};
/* End XCBuildConfiguration section */

/* Begin XCConfigurationList section */
		CC2CF6C1229E266700EF181D /* Build configuration list for PBXProject "tableViewProject" */ = {
			isa = XCConfigurationList;
			buildConfigurations = (
				CC2CF6EC229E266800EF181D /* Debug */,
				CC2CF6ED229E266800EF181D /* Release */,
			);
			defaultConfigurationIsVisible = 0;
			defaultConfigurationName = Release;
		};
		CC2CF6EE229E266800EF181D /* Build configuration list for PBXNativeTarget "tableViewProject" */ = {
			isa = XCConfigurationList;
			buildConfigurations = (
				CC2CF6EF229E266800EF181D /* Debug */,
				CC2CF6F0229E266800EF181D /* Release */,
			);
			defaultConfigurationIsVisible = 0;
			defaultConfigurationName = Release;
		};
		CC2CF6F1229E266800EF181D /* Build configuration list for PBXNativeTarget "tableViewProjectTests" */ = {
			isa = XCConfigurationList;
			buildConfigurations = (
				CC2CF6F2229E266800EF181D /* Debug */,
				CC2CF6F3229E266800EF181D /* Release */,
			);
			defaultConfigurationIsVisible = 0;
			defaultConfigurationName = Release;
		};
		CC2CF6F4229E266800EF181D /* Build configuration list for PBXNativeTarget "tableViewProjectUITests" */ = {
			isa = XCConfigurationList;
			buildConfigurations = (
				CC2CF6F5229E266800EF181D /* Debug */,
				CC2CF6F6229E266800EF181D /* Release */,
			);
			defaultConfigurationIsVisible = 0;
			defaultConfigurationName = Release;
		};
/* End XCConfigurationList section */
	};
	rootObject = CC2CF6BE229E266700EF181D /* Project object */;
}
