// !$*UTF8*$!
{
	archiveVersion = 1;
	classes = {
	};
	objectVersion = 50;
	objects = {

/* Begin PBXBuildFile section */
		CC2CF56C229CC1BB00EF181D /* AppDelegate.swift in Sources */ = {isa = PBXBuildFile; fileRef = CC2CF56B229CC1BB00EF181D /* AppDelegate.swift */; };
		CC2CF56E229CC1BB00EF181D /* ViewController.swift in Sources */ = {isa = PBXBuildFile; fileRef = CC2CF56D229CC1BB00EF181D /* ViewController.swift */; };
		CC2CF571229CC1BB00EF181D /* Main.storyboard in Resources */ = {isa = PBXBuildFile; fileRef = CC2CF56F229CC1BB00EF181D /* Main.storyboard */; };
		CC2CF573229CC1BD00EF181D /* Assets.xcassets in Resources */ = {isa = PBXBuildFile; fileRef = CC2CF572229CC1BD00EF181D /* Assets.xcassets */; };
		CC2CF576229CC1BD00EF181D /* LaunchScreen.storyboard in Resources */ = {isa = PBXBuildFile; fileRef = CC2CF574229CC1BD00EF181D /* LaunchScreen.storyboard */; };
		CC2CF581229CC1BD00EF181D /* arrayProjectTests.swift in Sources */ = {isa = PBXBuildFile; fileRef = CC2CF580229CC1BD00EF181D /* arrayProjectTests.swift */; };
		CC2CF58C229CC1BD00EF181D /* arrayProjectUITests.swift in Sources */ = {isa = PBXBuildFile; fileRef = CC2CF58B229CC1BD00EF181D /* arrayProjectUITests.swift */; };
/* End PBXBuildFile section */

/* Begin PBXContainerItemProxy section */
		CC2CF57D229CC1BD00EF181D /* PBXContainerItemProxy */ = {
			isa = PBXContainerItemProxy;
			containerPortal = CC2CF560229CC1BB00EF181D /* Project object */;
			proxyType = 1;
			remoteGlobalIDString = CC2CF567229CC1BB00EF181D;
			remoteInfo = arrayProject;
		};
		CC2CF588229CC1BD00EF181D /* PBXContainerItemProxy */ = {
			isa = PBXContainerItemProxy;
			containerPortal = CC2CF560229CC1BB00EF181D /* Project object */;
			proxyType = 1;
			remoteGlobalIDString = CC2CF567229CC1BB00EF181D;
			remoteInfo = arrayProject;
		};
/* End PBXContainerItemProxy section */

/* Begin PBXFileReference section */
		CC2CF568229CC1BB00EF181D /* arrayProject.app */ = {isa = PBXFileReference; explicitFileType = wrapper.application; includeInIndex = 0; path = arrayProject.app; sourceTree = BUILT_PRODUCTS_DIR; };
		CC2CF56B229CC1BB00EF181D /* AppDelegate.swift */ = {isa = PBXFileReference; lastKnownFileType = sourcecode.swift; path = AppDelegate.swift; sourceTree = "<group>"; };
		CC2CF56D229CC1BB00EF181D /* ViewController.swift */ = {isa = PBXFileReference; lastKnownFileType = sourcecode.swift; path = ViewController.swift; sourceTree = "<group>"; };
		CC2CF570229CC1BB00EF181D /* Base */ = {isa = PBXFileReference; lastKnownFileType = file.storyboard; name = Base; path = Base.lproj/Main.storyboard; sourceTree = "<group>"; };
		CC2CF572229CC1BD00EF181D /* Assets.xcassets */ = {isa = PBXFileReference; lastKnownFileType = folder.assetcatalog; path = Assets.xcassets; sourceTree = "<group>"; };
		CC2CF575229CC1BD00EF181D /* Base */ = {isa = PBXFileReference; lastKnownFileType = file.storyboard; name = Base; path = Base.lproj/LaunchScreen.storyboard; sourceTree = "<group>"; };
		CC2CF577229CC1BD00EF181D /* Info.plist */ = {isa = PBXFileReference; lastKnownFileType = text.plist.xml; path = Info.plist; sourceTree = "<group>"; };
		CC2CF57C229CC1BD00EF181D /* arrayProjectTests.xctest */ = {isa = PBXFileReference; explicitFileType = wrapper.cfbundle; includeInIndex = 0; path = arrayProjectTests.xctest; sourceTree = BUILT_PRODUCTS_DIR; };
		CC2CF580229CC1BD00EF181D /* arrayProjectTests.swift */ = {isa = PBXFileReference; lastKnownFileType = sourcecode.swift; path = arrayProjectTests.swift; sourceTree = "<group>"; };
		CC2CF582229CC1BD00EF181D /* Info.plist */ = {isa = PBXFileReference; lastKnownFileType = text.plist.xml; path = Info.plist; sourceTree = "<group>"; };
		CC2CF587229CC1BD00EF181D /* arrayProjectUITests.xctest */ = {isa = PBXFileReference; explicitFileType = wrapper.cfbundle; includeInIndex = 0; path = arrayProjectUITests.xctest; sourceTree = BUILT_PRODUCTS_DIR; };
		CC2CF58B229CC1BD00EF181D /* arrayProjectUITests.swift */ = {isa = PBXFileReference; lastKnownFileType = sourcecode.swift; path = arrayProjectUITests.swift; sourceTree = "<group>"; };
		CC2CF58D229CC1BD00EF181D /* Info.plist */ = {isa = PBXFileReference; lastKnownFileType = text.plist.xml; path = Info.plist; sourceTree = "<group>"; };
/* End PBXFileReference section */

/* Begin PBXFrameworksBuildPhase section */
		CC2CF565229CC1BB00EF181D /* Frameworks */ = {
			isa = PBXFrameworksBuildPhase;
			buildActionMask = 2147483647;
			files = (
			);
			runOnlyForDeploymentPostprocessing = 0;
		};
		CC2CF579229CC1BD00EF181D /* Frameworks */ = {
			isa = PBXFrameworksBuildPhase;
			buildActionMask = 2147483647;
			files = (
			);
			runOnlyForDeploymentPostprocessing = 0;
		};
		CC2CF584229CC1BD00EF181D /* Frameworks */ = {
			isa = PBXFrameworksBuildPhase;
			buildActionMask = 2147483647;
			files = (
			);
			runOnlyForDeploymentPostprocessing = 0;
		};
/* End PBXFrameworksBuildPhase section */

/* Begin PBXGroup section */
		CC2CF55F229CC1BB00EF181D = {
			isa = PBXGroup;
			children = (
				CC2CF56A229CC1BB00EF181D /* arrayProject */,
				CC2CF57F229CC1BD00EF181D /* arrayProjectTests */,
				CC2CF58A229CC1BD00EF181D /* arrayProjectUITests */,
				CC2CF569229CC1BB00EF181D /* Products */,
			);
			sourceTree = "<group>";
		};
		CC2CF569229CC1BB00EF181D /* Products */ = {
			isa = PBXGroup;
			children = (
				CC2CF568229CC1BB00EF181D /* arrayProject.app */,
				CC2CF57C229CC1BD00EF181D /* arrayProjectTests.xctest */,
				CC2CF587229CC1BD00EF181D /* arrayProjectUITests.xctest */,
			);
			name = Products;
			sourceTree = "<group>";
		};
		CC2CF56A229CC1BB00EF181D /* arrayProject */ = {
			isa = PBXGroup;
			children = (
				CC2CF56B229CC1BB00EF181D /* AppDelegate.swift */,
				CC2CF56D229CC1BB00EF181D /* ViewController.swift */,
				CC2CF56F229CC1BB00EF181D /* Main.storyboard */,
				CC2CF572229CC1BD00EF181D /* Assets.xcassets */,
				CC2CF574229CC1BD00EF181D /* LaunchScreen.storyboard */,
				CC2CF577229CC1BD00EF181D /* Info.plist */,
			);
			path = arrayProject;
			sourceTree = "<group>";
		};
		CC2CF57F229CC1BD00EF181D /* arrayProjectTests */ = {
			isa = PBXGroup;
			children = (
				CC2CF580229CC1BD00EF181D /* arrayProjectTests.swift */,
				CC2CF582229CC1BD00EF181D /* Info.plist */,
			);
			path = arrayProjectTests;
			sourceTree = "<group>";
		};
		CC2CF58A229CC1BD00EF181D /* arrayProjectUITests */ = {
			isa = PBXGroup;
			children = (
				CC2CF58B229CC1BD00EF181D /* arrayProjectUITests.swift */,
				CC2CF58D229CC1BD00EF181D /* Info.plist */,
			);
			path = arrayProjectUITests;
			sourceTree = "<group>";
		};
/* End PBXGroup section */

/* Begin PBXNativeTarget section */
		CC2CF567229CC1BB00EF181D /* arrayProject */ = {
			isa = PBXNativeTarget;
			buildConfigurationList = CC2CF590229CC1BD00EF181D /* Build configuration list for PBXNativeTarget "arrayProject" */;
			buildPhases = (
				CC2CF564229CC1BB00EF181D /* Sources */,
				CC2CF565229CC1BB00EF181D /* Frameworks */,
				CC2CF566229CC1BB00EF181D /* Resources */,
			);
			buildRules = (
			);
			dependencies = (
			);
			name = arrayProject;
			productName = arrayProject;
			productReference = CC2CF568229CC1BB00EF181D /* arrayProject.app */;
			productType = "com.apple.product-type.application";
		};
		CC2CF57B229CC1BD00EF181D /* arrayProjectTests */ = {
			isa = PBXNativeTarget;
			buildConfigurationList = CC2CF593229CC1BD00EF181D /* Build configuration list for PBXNativeTarget "arrayProjectTests" */;
			buildPhases = (
				CC2CF578229CC1BD00EF181D /* Sources */,
				CC2CF579229CC1BD00EF181D /* Frameworks */,
				CC2CF57A229CC1BD00EF181D /* Resources */,
			);
			buildRules = (
			);
			dependencies = (
				CC2CF57E229CC1BD00EF181D /* PBXTargetDependency */,
			);
			name = arrayProjectTests;
			productName = arrayProjectTests;
			productReference = CC2CF57C229CC1BD00EF181D /* arrayProjectTests.xctest */;
			productType = "com.apple.product-type.bundle.unit-test";
		};
		CC2CF586229CC1BD00EF181D /* arrayProjectUITests */ = {
			isa = PBXNativeTarget;
			buildConfigurationList = CC2CF596229CC1BD00EF181D /* Build configuration list for PBXNativeTarget "arrayProjectUITests" */;
			buildPhases = (
				CC2CF583229CC1BD00EF181D /* Sources */,
				CC2CF584229CC1BD00EF181D /* Frameworks */,
				CC2CF585229CC1BD00EF181D /* Resources */,
			);
			buildRules = (
			);
			dependencies = (
				CC2CF589229CC1BD00EF181D /* PBXTargetDependency */,
			);
			name = arrayProjectUITests;
			productName = arrayProjectUITests;
			productReference = CC2CF587229CC1BD00EF181D /* arrayProjectUITests.xctest */;
			productType = "com.apple.product-type.bundle.ui-testing";
		};
/* End PBXNativeTarget section */

/* Begin PBXProject section */
		CC2CF560229CC1BB00EF181D /* Project object */ = {
			isa = PBXProject;
			attributes = {
				LastSwiftUpdateCheck = 1020;
				LastUpgradeCheck = 1020;
				ORGANIZATIONNAME = "Tomoyuki Hayakawa";
				TargetAttributes = {
					CC2CF567229CC1BB00EF181D = {
						CreatedOnToolsVersion = 10.2.1;
					};
					CC2CF57B229CC1BD00EF181D = {
						CreatedOnToolsVersion = 10.2.1;
						TestTargetID = CC2CF567229CC1BB00EF181D;
					};
					CC2CF586229CC1BD00EF181D = {
						CreatedOnToolsVersion = 10.2.1;
						TestTargetID = CC2CF567229CC1BB00EF181D;
					};
				};
			};
			buildConfigurationList = CC2CF563229CC1BB00EF181D /* Build configuration list for PBXProject "arrayProject" */;
			compatibilityVersion = "Xcode 9.3";
			developmentRegion = en;
			hasScannedForEncodings = 0;
			knownRegions = (
				en,
				Base,
			);
			mainGroup = CC2CF55F229CC1BB00EF181D;
			productRefGroup = CC2CF569229CC1BB00EF181D /* Products */;
			projectDirPath = "";
			projectRoot = "";
			targets = (
				CC2CF567229CC1BB00EF181D /* arrayProject */,
				CC2CF57B229CC1BD00EF181D /* arrayProjectTests */,
				CC2CF586229CC1BD00EF181D /* arrayProjectUITests */,
			);
		};
/* End PBXProject section */

/* Begin PBXResourcesBuildPhase section */
		CC2CF566229CC1BB00EF181D /* Resources */ = {
			isa = PBXResourcesBuildPhase;
			buildActionMask = 2147483647;
			files = (
				CC2CF576229CC1BD00EF181D /* LaunchScreen.storyboard in Resources */,
				CC2CF573229CC1BD00EF181D /* Assets.xcassets in Resources */,
				CC2CF571229CC1BB00EF181D /* Main.storyboard in Resources */,
			);
			runOnlyForDeploymentPostprocessing = 0;
		};
		CC2CF57A229CC1BD00EF181D /* Resources */ = {
			isa = PBXResourcesBuildPhase;
			buildActionMask = 2147483647;
			files = (
			);
			runOnlyForDeploymentPostprocessing = 0;
		};
		CC2CF585229CC1BD00EF181D /* Resources */ = {
			isa = PBXResourcesBuildPhase;
			buildActionMask = 2147483647;
			files = (
			);
			runOnlyForDeploymentPostprocessing = 0;
		};
/* End PBXResourcesBuildPhase section */

/* Begin PBXSourcesBuildPhase section */
		CC2CF564229CC1BB00EF181D /* Sources */ = {
			isa = PBXSourcesBuildPhase;
			buildActionMask = 2147483647;
			files = (
				CC2CF56E229CC1BB00EF181D /* ViewController.swift in Sources */,
				CC2CF56C229CC1BB00EF181D /* AppDelegate.swift in Sources */,
			);
			runOnlyForDeploymentPostprocessing = 0;
		};
		CC2CF578229CC1BD00EF181D /* Sources */ = {
			isa = PBXSourcesBuildPhase;
			buildActionMask = 2147483647;
			files = (
				CC2CF581229CC1BD00EF181D /* arrayProjectTests.swift in Sources */,
			);
			runOnlyForDeploymentPostprocessing = 0;
		};
		CC2CF583229CC1BD00EF181D /* Sources */ = {
			isa = PBXSourcesBuildPhase;
			buildActionMask = 2147483647;
			files = (
				CC2CF58C229CC1BD00EF181D /* arrayProjectUITests.swift in Sources */,
			);
			runOnlyForDeploymentPostprocessing = 0;
		};
/* End PBXSourcesBuildPhase section */

/* Begin PBXTargetDependency section */
		CC2CF57E229CC1BD00EF181D /* PBXTargetDependency */ = {
			isa = PBXTargetDependency;
			target = CC2CF567229CC1BB00EF181D /* arrayProject */;
			targetProxy = CC2CF57D229CC1BD00EF181D /* PBXContainerItemProxy */;
		};
		CC2CF589229CC1BD00EF181D /* PBXTargetDependency */ = {
			isa = PBXTargetDependency;
			target = CC2CF567229CC1BB00EF181D /* arrayProject */;
			targetProxy = CC2CF588229CC1BD00EF181D /* PBXContainerItemProxy */;
		};
/* End PBXTargetDependency section */

/* Begin PBXVariantGroup section */
		CC2CF56F229CC1BB00EF181D /* Main.storyboard */ = {
			isa = PBXVariantGroup;
			children = (
				CC2CF570229CC1BB00EF181D /* Base */,
			);
			name = Main.storyboard;
			sourceTree = "<group>";
		};
		CC2CF574229CC1BD00EF181D /* LaunchScreen.storyboard */ = {
			isa = PBXVariantGroup;
			children = (
				CC2CF575229CC1BD00EF181D /* Base */,
			);
			name = LaunchScreen.storyboard;
			sourceTree = "<group>";
		};
/* End PBXVariantGroup section */

/* Begin XCBuildConfiguration section */
		CC2CF58E229CC1BD00EF181D /* Debug */ = {
			isa = XCBuildConfiguration;
			buildSettings = {
				ALWAYS_SEARCH_USER_PATHS = NO;
				CLANG_ANALYZER_NONNULL = YES;
				CLANG_ANALYZER_NUMBER_OBJECT_CONVERSION = YES_AGGRESSIVE;
				CLANG_CXX_LANGUAGE_STANDARD = "gnu++14";
				CLANG_CXX_LIBRARY = "libc++";
				CLANG_ENABLE_MODULES = YES;
				CLANG_ENABLE_OBJC_ARC = YES;
				CLANG_ENABLE_OBJC_WEAK = YES;
				CLANG_WARN_BLOCK_CAPTURE_AUTORELEASING = YES;
				CLANG_WARN_BOOL_CONVERSION = YES;
				CLANG_WARN_COMMA = YES;
				CLANG_WARN_CONSTANT_CONVERSION = YES;
				CLANG_WARN_DEPRECATED_OBJC_IMPLEMENTATIONS = YES;
				CLANG_WARN_DIRECT_OBJC_ISA_USAGE = YES_ERROR;
				CLANG_WARN_DOCUMENTATION_COMMENTS = YES;
				CLANG_WARN_EMPTY_BODY = YES;
				CLANG_WARN_ENUM_CONVERSION = YES;
				CLANG_WARN_INFINITE_RECURSION = YES;
				CLANG_WARN_INT_CONVERSION = YES;
				CLANG_WARN_NON_LITERAL_NULL_CONVERSION = YES;
				CLANG_WARN_OBJC_IMPLICIT_RETAIN_SELF = YES;
				CLANG_WARN_OBJC_LITERAL_CONVERSION = YES;
				CLANG_WARN_OBJC_ROOT_CLASS = YES_ERROR;
				CLANG_WARN_RANGE_LOOP_ANALYSIS = YES;
				CLANG_WARN_STRICT_PROTOTYPES = YES;
				CLANG_WARN_SUSPICIOUS_MOVE = YES;
				CLANG_WARN_UNGUARDED_AVAILABILITY = YES_AGGRESSIVE;
				CLANG_WARN_UNREACHABLE_CODE = YES;
				CLANG_WARN__DUPLICATE_METHOD_MATCH = YES;
				CODE_SIGN_IDENTITY = "iPhone Developer";
				COPY_PHASE_STRIP = NO;
				DEBUG_INFORMATION_FORMAT = dwarf;
				ENABLE_STRICT_OBJC_MSGSEND = YES;
				ENABLE_TESTABILITY = YES;
				GCC_C_LANGUAGE_STANDARD = gnu11;
				GCC_DYNAMIC_NO_PIC = NO;
				GCC_NO_COMMON_BLOCKS = YES;
				GCC_OPTIMIZATION_LEVEL = 0;
				GCC_PREPROCESSOR_DEFINITIONS = (
					"DEBUG=1",
					"$(inherited)",
				);
				GCC_WARN_64_TO_32_BIT_CONVERSION = YES;
				GCC_WARN_ABOUT_RETURN_TYPE = YES_ERROR;
				GCC_WARN_UNDECLARED_SELECTOR = YES;
				GCC_WARN_UNINITIALIZED_AUTOS = YES_AGGRESSIVE;
				GCC_WARN_UNUSED_FUNCTION = YES;
				GCC_WARN_UNUSED_VARIABLE = YES;
				IPHONEOS_DEPLOYMENT_TARGET = 12.2;
				MTL_ENABLE_DEBUG_INFO = INCLUDE_SOURCE;
				MTL_FAST_MATH = YES;
				ONLY_ACTIVE_ARCH = YES;
				SDKROOT = iphoneos;
				SWIFT_ACTIVE_COMPILATION_CONDITIONS = DEBUG;
				SWIFT_OPTIMIZATION_LEVEL = "-Onone";
			};
			name = Debug;
		};
		CC2CF58F229CC1BD00EF181D /* Release */ = {
			isa = XCBuildConfiguration;
			buildSettings = {
				ALWAYS_SEARCH_USER_PATHS = NO;
				CLANG_ANALYZER_NONNULL = YES;
				CLANG_ANALYZER_NUMBER_OBJECT_CONVERSION = YES_AGGRESSIVE;
				CLANG_CXX_LANGUAGE_STANDARD = "gnu++14";
				CLANG_CXX_LIBRARY = "libc++";
				CLANG_ENABLE_MODULES = YES;
				CLANG_ENABLE_OBJC_ARC = YES;
				CLANG_ENABLE_OBJC_WEAK = YES;
				CLANG_WARN_BLOCK_CAPTURE_AUTORELEASING = YES;
				CLANG_WARN_BOOL_CONVERSION = YES;
				CLANG_WARN_COMMA = YES;
				CLANG_WARN_CONSTANT_CONVERSION = YES;
				CLANG_WARN_DEPRECATED_OBJC_IMPLEMENTATIONS = YES;
				CLANG_WARN_DIRECT_OBJC_ISA_USAGE = YES_ERROR;
				CLANG_WARN_DOCUMENTATION_COMMENTS = YES;
				CLANG_WARN_EMPTY_BODY = YES;
				CLANG_WARN_ENUM_CONVERSION = YES;
				CLANG_WARN_INFINITE_RECURSION = YES;
				CLANG_WARN_INT_CONVERSION = YES;
				CLANG_WARN_NON_LITERAL_NULL_CONVERSION = YES;
				CLANG_WARN_OBJC_IMPLICIT_RETAIN_SELF = YES;
				CLANG_WARN_OBJC_LITERAL_CONVERSION = YES;
				CLANG_WARN_OBJC_ROOT_CLASS = YES_ERROR;
				CLANG_WARN_RANGE_LOOP_ANALYSIS = YES;
				CLANG_WARN_STRICT_PROTOTYPES = YES;
				CLANG_WARN_SUSPICIOUS_MOVE = YES;
				CLANG_WARN_UNGUARDED_AVAILABILITY = YES_AGGRESSIVE;
				CLANG_WARN_UNREACHABLE_CODE = YES;
				CLANG_WARN__DUPLICATE_METHOD_MATCH = YES;
				CODE_SIGN_IDENTITY = "iPhone Developer";
				COPY_PHASE_STRIP = NO;
				DEBUG_INFORMATION_FORMAT = "dwarf-with-dsym";
				ENABLE_NS_ASSERTIONS = NO;
				ENABLE_STRICT_OBJC_MSGSEND = YES;
				GCC_C_LANGUAGE_STANDARD = gnu11;
				GCC_NO_COMMON_BLOCKS = YES;
				GCC_WARN_64_TO_32_BIT_CONVERSION = YES;
				GCC_WARN_ABOUT_RETURN_TYPE = YES_ERROR;
				GCC_WARN_UNDECLARED_SELECTOR = YES;
				GCC_WARN_UNINITIALIZED_AUTOS = YES_AGGRESSIVE;
				GCC_WARN_UNUSED_FUNCTION = YES;
				GCC_WARN_UNUSED_VARIABLE = YES;
				IPHONEOS_DEPLOYMENT_TARGET = 12.2;
				MTL_ENABLE_DEBUG_INFO = NO;
				MTL_FAST_MATH = YES;
				SDKROOT = iphoneos;
				SWIFT_COMPILATION_MODE = wholemodule;
				SWIFT_OPTIMIZATION_LEVEL = "-O";
				VALIDATE_PRODUCT = YES;
			};
			name = Release;
		};
		CC2CF591229CC1BD00EF181D /* Debug */ = {
			isa = XCBuildConfiguration;
			buildSettings = {
				ASSETCATALOG_COMPILER_APPICON_NAME = AppIcon;
				CODE_SIGN_STYLE = Automatic;
				DEVELOPMENT_TEAM = 7BYUJ689J5;
				INFOPLIST_FILE = arrayProject/Info.plist;
				LD_RUNPATH_SEARCH_PATHS = (
					"$(inherited)",
					"@executable_path/Frameworks",
				);
				PRODUCT_BUNDLE_IDENTIFIER = "Tomoyuki-Hayakawa.arrayProject";
				PRODUCT_NAME = "$(TARGET_NAME)";
				SWIFT_VERSION = 5.0;
				TARGETED_DEVICE_FAMILY = "1,2";
			};
			name = Debug;
		};
		CC2CF592229CC1BD00EF181D /* Release */ = {
			isa = XCBuildConfiguration;
			buildSettings = {
				ASSETCATALOG_COMPILER_APPICON_NAME = AppIcon;
				CODE_SIGN_STYLE = Automatic;
				DEVELOPMENT_TEAM = 7BYUJ689J5;
				INFOPLIST_FILE = arrayProject/Info.plist;
				LD_RUNPATH_SEARCH_PATHS = (
					"$(inherited)",
					"@executable_path/Frameworks",
				);
				PRODUCT_BUNDLE_IDENTIFIER = "Tomoyuki-Hayakawa.arrayProject";
				PRODUCT_NAME = "$(TARGET_NAME)";
				SWIFT_VERSION = 5.0;
				TARGETED_DEVICE_FAMILY = "1,2";
			};
			name = Release;
		};
		CC2CF594229CC1BD00EF181D /* Debug */ = {
			isa = XCBuildConfiguration;
			buildSettings = {
				ALWAYS_EMBED_SWIFT_STANDARD_LIBRARIES = YES;
				BUNDLE_LOADER = "$(TEST_HOST)";
				CODE_SIGN_STYLE = Automatic;
				DEVELOPMENT_TEAM = 7BYUJ689J5;
				INFOPLIST_FILE = arrayProjectTests/Info.plist;
				LD_RUNPATH_SEARCH_PATHS = (
					"$(inherited)",
					"@executable_path/Frameworks",
					"@loader_path/Frameworks",
				);
				PRODUCT_BUNDLE_IDENTIFIER = "Tomoyuki-Hayakawa.arrayProjectTests";
				PRODUCT_NAME = "$(TARGET_NAME)";
				SWIFT_VERSION = 5.0;
				TARGETED_DEVICE_FAMILY = "1,2";
				TEST_HOST = "$(BUILT_PRODUCTS_DIR)/arrayProject.app/arrayProject";
			};
			name = Debug;
		};
		CC2CF595229CC1BD00EF181D /* Release */ = {
			isa = XCBuildConfiguration;
			buildSettings = {
				ALWAYS_EMBED_SWIFT_STANDARD_LIBRARIES = YES;
				BUNDLE_LOADER = "$(TEST_HOST)";
				CODE_SIGN_STYLE = Automatic;
				DEVELOPMENT_TEAM = 7BYUJ689J5;
				INFOPLIST_FILE = arrayProjectTests/Info.plist;
				LD_RUNPATH_SEARCH_PATHS = (
					"$(inherited)",
					"@executable_path/Frameworks",
					"@loader_path/Frameworks",
				);
				PRODUCT_BUNDLE_IDENTIFIER = "Tomoyuki-Hayakawa.arrayProjectTests";
				PRODUCT_NAME = "$(TARGET_NAME)";
				SWIFT_VERSION = 5.0;
				TARGETED_DEVICE_FAMILY = "1,2";
				TEST_HOST = "$(BUILT_PRODUCTS_DIR)/arrayProject.app/arrayProject";
			};
			name = Release;
		};
		CC2CF597229CC1BD00EF181D /* Debug */ = {
			isa = XCBuildConfiguration;
			buildSettings = {
				ALWAYS_EMBED_SWIFT_STANDARD_LIBRARIES = YES;
				CODE_SIGN_STYLE = Automatic;
				DEVELOPMENT_TEAM = 7BYUJ689J5;
				INFOPLIST_FILE = arrayProjectUITests/Info.plist;
				LD_RUNPATH_SEARCH_PATHS = (
					"$(inherited)",
					"@executable_path/Frameworks",
					"@loader_path/Frameworks",
				);
				PRODUCT_BUNDLE_IDENTIFIER = "Tomoyuki-Hayakawa.arrayProjectUITests";
				PRODUCT_NAME = "$(TARGET_NAME)";
				SWIFT_VERSION = 5.0;
				TARGETED_DEVICE_FAMILY = "1,2";
				TEST_TARGET_NAME = arrayProject;
			};
			name = Debug;
		};
		CC2CF598229CC1BD00EF181D /* Release */ = {
			isa = XCBuildConfiguration;
			buildSettings = {
				ALWAYS_EMBED_SWIFT_STANDARD_LIBRARIES = YES;
				CODE_SIGN_STYLE = Automatic;
				DEVELOPMENT_TEAM = 7BYUJ689J5;
				INFOPLIST_FILE = arrayProjectUITests/Info.plist;
				LD_RUNPATH_SEARCH_PATHS = (
					"$(inherited)",
					"@executable_path/Frameworks",
					"@loader_path/Frameworks",
				);
				PRODUCT_BUNDLE_IDENTIFIER = "Tomoyuki-Hayakawa.arrayProjectUITests";
				PRODUCT_NAME = "$(TARGET_NAME)";
				SWIFT_VERSION = 5.0;
				TARGETED_DEVICE_FAMILY = "1,2";
				TEST_TARGET_NAME = arrayProject;
			};
			name = Release;
		};
/* End XCBuildConfiguration section */

/* Begin XCConfigurationList section */
		CC2CF563229CC1BB00EF181D /* Build configuration list for PBXProject "arrayProject" */ = {
			isa = XCConfigurationList;
			buildConfigurations = (
				CC2CF58E229CC1BD00EF181D /* Debug */,
				CC2CF58F229CC1BD00EF181D /* Release */,
			);
			defaultConfigurationIsVisible = 0;
			defaultConfigurationName = Release;
		};
		CC2CF590229CC1BD00EF181D /* Build configuration list for PBXNativeTarget "arrayProject" */ = {
			isa = XCConfigurationList;
			buildConfigurations = (
				CC2CF591229CC1BD00EF181D /* Debug */,
				CC2CF592229CC1BD00EF181D /* Release */,
			);
			defaultConfigurationIsVisible = 0;
			defaultConfigurationName = Release;
		};
		CC2CF593229CC1BD00EF181D /* Build configuration list for PBXNativeTarget "arrayProjectTests" */ = {
			isa = XCConfigurationList;
			buildConfigurations = (
				CC2CF594229CC1BD00EF181D /* Debug */,
				CC2CF595229CC1BD00EF181D /* Release */,
			);
			defaultConfigurationIsVisible = 0;
			defaultConfigurationName = Release;
		};
		CC2CF596229CC1BD00EF181D /* Build configuration list for PBXNativeTarget "arrayProjectUITests" */ = {
			isa = XCConfigurationList;
			buildConfigurations = (
				CC2CF597229CC1BD00EF181D /* Debug */,
				CC2CF598229CC1BD00EF181D /* Release */,
			);
			defaultConfigurationIsVisible = 0;
			defaultConfigurationName = Release;
		};
/* End XCConfigurationList section */
	};
	rootObject = CC2CF560229CC1BB00EF181D /* Project object */;
}
