// !$*UTF8*$!
{
	archiveVersion = 1;
	classes = {
	};
	objectVersion = 50;
	objects = {

/* Begin PBXBuildFile section */
		A6E77A89225E422100942EF3 /* AppDelegate.swift in Sources */ = {isa = PBXBuildFile; fileRef = A6E77A88225E422100942EF3 /* AppDelegate.swift */; };
		A6E77A8B225E422100942EF3 /* ViewController.swift in Sources */ = {isa = PBXBuildFile; fileRef = A6E77A8A225E422100942EF3 /* ViewController.swift */; };
		A6E77A8E225E422100942EF3 /* Main.storyboard in Resources */ = {isa = PBXBuildFile; fileRef = A6E77A8C225E422100942EF3 /* Main.storyboard */; };
		A6E77A90225E422400942EF3 /* Assets.xcassets in Resources */ = {isa = PBXBuildFile; fileRef = A6E77A8F225E422400942EF3 /* Assets.xcassets */; };
		A6E77A93225E422400942EF3 /* LaunchScreen.storyboard in Resources */ = {isa = PBXBuildFile; fileRef = A6E77A91225E422400942EF3 /* LaunchScreen.storyboard */; };
		A6E77A9E225E422500942EF3 /* GachTechTests.swift in Sources */ = {isa = PBXBuildFile; fileRef = A6E77A9D225E422500942EF3 /* GachTechTests.swift */; };
		A6E77AA9225E422500942EF3 /* GachTechUITests.swift in Sources */ = {isa = PBXBuildFile; fileRef = A6E77AA8225E422500942EF3 /* GachTechUITests.swift */; };
		A6E77AC8225E435300942EF3 /* bg_blue@2x.png in Resources */ = {isa = PBXBuildFile; fileRef = A6E77AB9225E435300942EF3 /* bg_blue@2x.png */; };
		A6E77AC9225E435300942EF3 /* bg_gold@2x.png in Resources */ = {isa = PBXBuildFile; fileRef = A6E77ABA225E435300942EF3 /* bg_gold@2x.png */; };
		A6E77ACA225E435300942EF3 /* gacha@2x.png in Resources */ = {isa = PBXBuildFile; fileRef = A6E77ABB225E435300942EF3 /* gacha@2x.png */; };
		A6E77ACB225E435300942EF3 /* bg_red@2x.png in Resources */ = {isa = PBXBuildFile; fileRef = A6E77ABC225E435300942EF3 /* bg_red@2x.png */; };
		A6E77ACC225E435300942EF3 /* monster005.png in Resources */ = {isa = PBXBuildFile; fileRef = A6E77ABE225E435300942EF3 /* monster005.png */; };
		A6E77ACD225E435300942EF3 /* monster010.png in Resources */ = {isa = PBXBuildFile; fileRef = A6E77ABF225E435300942EF3 /* monster010.png */; };
		A6E77ACE225E435300942EF3 /* monster004.png in Resources */ = {isa = PBXBuildFile; fileRef = A6E77AC0225E435300942EF3 /* monster004.png */; };
		A6E77ACF225E435300942EF3 /* monster006.png in Resources */ = {isa = PBXBuildFile; fileRef = A6E77AC1225E435300942EF3 /* monster006.png */; };
		A6E77AD0225E435300942EF3 /* monster007.png in Resources */ = {isa = PBXBuildFile; fileRef = A6E77AC2225E435300942EF3 /* monster007.png */; };
		A6E77AD1225E435300942EF3 /* monster003.png in Resources */ = {isa = PBXBuildFile; fileRef = A6E77AC3225E435300942EF3 /* monster003.png */; };
		A6E77AD2225E435300942EF3 /* monster002.png in Resources */ = {isa = PBXBuildFile; fileRef = A6E77AC4225E435300942EF3 /* monster002.png */; };
		A6E77AD3225E435300942EF3 /* monster001.png in Resources */ = {isa = PBXBuildFile; fileRef = A6E77AC5225E435300942EF3 /* monster001.png */; };
		A6E77AD4225E435300942EF3 /* monster009.png in Resources */ = {isa = PBXBuildFile; fileRef = A6E77AC6225E435300942EF3 /* monster009.png */; };
		A6E77AD5225E435300942EF3 /* monster008.png in Resources */ = {isa = PBXBuildFile; fileRef = A6E77AC7225E435300942EF3 /* monster008.png */; };
		A6E77AD7225E462E00942EF3 /* ResultViewController.swift in Sources */ = {isa = PBXBuildFile; fileRef = A6E77AD6225E462E00942EF3 /* ResultViewController.swift */; };
/* End PBXBuildFile section */

/* Begin PBXContainerItemProxy section */
		A6E77A9A225E422500942EF3 /* PBXContainerItemProxy */ = {
			isa = PBXContainerItemProxy;
			containerPortal = A6E77A7D225E422100942EF3 /* Project object */;
			proxyType = 1;
			remoteGlobalIDString = A6E77A84225E422100942EF3;
			remoteInfo = GachTech;
		};
		A6E77AA5225E422500942EF3 /* PBXContainerItemProxy */ = {
			isa = PBXContainerItemProxy;
			containerPortal = A6E77A7D225E422100942EF3 /* Project object */;
			proxyType = 1;
			remoteGlobalIDString = A6E77A84225E422100942EF3;
			remoteInfo = GachTech;
		};
/* End PBXContainerItemProxy section */

/* Begin PBXFileReference section */
		A6E77A85225E422100942EF3 /* GachTech.app */ = {isa = PBXFileReference; explicitFileType = wrapper.application; includeInIndex = 0; path = GachTech.app; sourceTree = BUILT_PRODUCTS_DIR; };
		A6E77A88225E422100942EF3 /* AppDelegate.swift */ = {isa = PBXFileReference; lastKnownFileType = sourcecode.swift; path = AppDelegate.swift; sourceTree = "<group>"; };
		A6E77A8A225E422100942EF3 /* ViewController.swift */ = {isa = PBXFileReference; lastKnownFileType = sourcecode.swift; path = ViewController.swift; sourceTree = "<group>"; };
		A6E77A8D225E422100942EF3 /* Base */ = {isa = PBXFileReference; lastKnownFileType = file.storyboard; name = Base; path = Base.lproj/Main.storyboard; sourceTree = "<group>"; };
		A6E77A8F225E422400942EF3 /* Assets.xcassets */ = {isa = PBXFileReference; lastKnownFileType = folder.assetcatalog; path = Assets.xcassets; sourceTree = "<group>"; };
		A6E77A92225E422400942EF3 /* Base */ = {isa = PBXFileReference; lastKnownFileType = file.storyboard; name = Base; path = Base.lproj/LaunchScreen.storyboard; sourceTree = "<group>"; };
		A6E77A94225E422400942EF3 /* Info.plist */ = {isa = PBXFileReference; lastKnownFileType = text.plist.xml; path = Info.plist; sourceTree = "<group>"; };
		A6E77A99225E422500942EF3 /* GachTechTests.xctest */ = {isa = PBXFileReference; explicitFileType = wrapper.cfbundle; includeInIndex = 0; path = GachTechTests.xctest; sourceTree = BUILT_PRODUCTS_DIR; };
		A6E77A9D225E422500942EF3 /* GachTechTests.swift */ = {isa = PBXFileReference; lastKnownFileType = sourcecode.swift; path = GachTechTests.swift; sourceTree = "<group>"; };
		A6E77A9F225E422500942EF3 /* Info.plist */ = {isa = PBXFileReference; lastKnownFileType = text.plist.xml; path = Info.plist; sourceTree = "<group>"; };
		A6E77AA4225E422500942EF3 /* GachTechUITests.xctest */ = {isa = PBXFileReference; explicitFileType = wrapper.cfbundle; includeInIndex = 0; path = GachTechUITests.xctest; sourceTree = BUILT_PRODUCTS_DIR; };
		A6E77AA8225E422500942EF3 /* GachTechUITests.swift */ = {isa = PBXFileReference; lastKnownFileType = sourcecode.swift; path = GachTechUITests.swift; sourceTree = "<group>"; };
		A6E77AAA225E422500942EF3 /* Info.plist */ = {isa = PBXFileReference; lastKnownFileType = text.plist.xml; path = Info.plist; sourceTree = "<group>"; };
		A6E77AB9225E435300942EF3 /* bg_blue@2x.png */ = {isa = PBXFileReference; lastKnownFileType = image.png; path = "bg_blue@2x.png"; sourceTree = "<group>"; };
		A6E77ABA225E435300942EF3 /* bg_gold@2x.png */ = {isa = PBXFileReference; lastKnownFileType = image.png; path = "bg_gold@2x.png"; sourceTree = "<group>"; };
		A6E77ABB225E435300942EF3 /* gacha@2x.png */ = {isa = PBXFileReference; lastKnownFileType = image.png; path = "gacha@2x.png"; sourceTree = "<group>"; };
		A6E77ABC225E435300942EF3 /* bg_red@2x.png */ = {isa = PBXFileReference; lastKnownFileType = image.png; path = "bg_red@2x.png"; sourceTree = "<group>"; };
		A6E77ABE225E435300942EF3 /* monster005.png */ = {isa = PBXFileReference; lastKnownFileType = image.png; path = monster005.png; sourceTree = "<group>"; };
		A6E77ABF225E435300942EF3 /* monster010.png */ = {isa = PBXFileReference; lastKnownFileType = image.png; path = monster010.png; sourceTree = "<group>"; };
		A6E77AC0225E435300942EF3 /* monster004.png */ = {isa = PBXFileReference; lastKnownFileType = image.png; path = monster004.png; sourceTree = "<group>"; };
		A6E77AC1225E435300942EF3 /* monster006.png */ = {isa = PBXFileReference; lastKnownFileType = image.png; path = monster006.png; sourceTree = "<group>"; };
		A6E77AC2225E435300942EF3 /* monster007.png */ = {isa = PBXFileReference; lastKnownFileType = image.png; path = monster007.png; sourceTree = "<group>"; };
		A6E77AC3225E435300942EF3 /* monster003.png */ = {isa = PBXFileReference; lastKnownFileType = image.png; path = monster003.png; sourceTree = "<group>"; };
		A6E77AC4225E435300942EF3 /* monster002.png */ = {isa = PBXFileReference; lastKnownFileType = image.png; path = monster002.png; sourceTree = "<group>"; };
		A6E77AC5225E435300942EF3 /* monster001.png */ = {isa = PBXFileReference; lastKnownFileType = image.png; path = monster001.png; sourceTree = "<group>"; };
		A6E77AC6225E435300942EF3 /* monster009.png */ = {isa = PBXFileReference; lastKnownFileType = image.png; path = monster009.png; sourceTree = "<group>"; };
		A6E77AC7225E435300942EF3 /* monster008.png */ = {isa = PBXFileReference; lastKnownFileType = image.png; path = monster008.png; sourceTree = "<group>"; };
		A6E77AD6225E462E00942EF3 /* ResultViewController.swift */ = {isa = PBXFileReference; lastKnownFileType = sourcecode.swift; path = ResultViewController.swift; sourceTree = "<group>"; };
/* End PBXFileReference section */

/* Begin PBXFrameworksBuildPhase section */
		A6E77A82225E422100942EF3 /* Frameworks */ = {
			isa = PBXFrameworksBuildPhase;
			buildActionMask = 2147483647;
			files = (
			);
			runOnlyForDeploymentPostprocessing = 0;
		};
		A6E77A96225E422500942EF3 /* Frameworks */ = {
			isa = PBXFrameworksBuildPhase;
			buildActionMask = 2147483647;
			files = (
			);
			runOnlyForDeploymentPostprocessing = 0;
		};
		A6E77AA1225E422500942EF3 /* Frameworks */ = {
			isa = PBXFrameworksBuildPhase;
			buildActionMask = 2147483647;
			files = (
			);
			runOnlyForDeploymentPostprocessing = 0;
		};
/* End PBXFrameworksBuildPhase section */

/* Begin PBXGroup section */
		A6E77A7C225E422100942EF3 = {
			isa = PBXGroup;
			children = (
				A6E77A87225E422100942EF3 /* GachTech */,
				A6E77A9C225E422500942EF3 /* GachTechTests */,
				A6E77AA7225E422500942EF3 /* GachTechUITests */,
				A6E77A86225E422100942EF3 /* Products */,
			);
			sourceTree = "<group>";
		};
		A6E77A86225E422100942EF3 /* Products */ = {
			isa = PBXGroup;
			children = (
				A6E77A85225E422100942EF3 /* GachTech.app */,
				A6E77A99225E422500942EF3 /* GachTechTests.xctest */,
				A6E77AA4225E422500942EF3 /* GachTechUITests.xctest */,
			);
			name = Products;
			sourceTree = "<group>";
		};
		A6E77A87225E422100942EF3 /* GachTech */ = {
			isa = PBXGroup;
			children = (
				A6E77AB6225E435300942EF3 /* Gacha素材 */,
				A6E77A88225E422100942EF3 /* AppDelegate.swift */,
				A6E77A8A225E422100942EF3 /* ViewController.swift */,
				A6E77A8C225E422100942EF3 /* Main.storyboard */,
				A6E77A8F225E422400942EF3 /* Assets.xcassets */,
				A6E77A91225E422400942EF3 /* LaunchScreen.storyboard */,
				A6E77A94225E422400942EF3 /* Info.plist */,
				A6E77AD6225E462E00942EF3 /* ResultViewController.swift */,
			);
			path = GachTech;
			sourceTree = "<group>";
		};
		A6E77A9C225E422500942EF3 /* GachTechTests */ = {
			isa = PBXGroup;
			children = (
				A6E77A9D225E422500942EF3 /* GachTechTests.swift */,
				A6E77A9F225E422500942EF3 /* Info.plist */,
			);
			path = GachTechTests;
			sourceTree = "<group>";
		};
		A6E77AA7225E422500942EF3 /* GachTechUITests */ = {
			isa = PBXGroup;
			children = (
				A6E77AA8225E422500942EF3 /* GachTechUITests.swift */,
				A6E77AAA225E422500942EF3 /* Info.plist */,
			);
			path = GachTechUITests;
			sourceTree = "<group>";
		};
		A6E77AB6225E435300942EF3 /* Gacha素材 */ = {
			isa = PBXGroup;
			children = (
				A6E77AB7225E435300942EF3 /* GachaResources */,
			);
			path = "Gacha素材";
			sourceTree = SOURCE_ROOT;
		};
		A6E77AB7225E435300942EF3 /* GachaResources */ = {
			isa = PBXGroup;
			children = (
				A6E77AB8225E435300942EF3 /* background */,
				A6E77ABD225E435300942EF3 /* monster */,
			);
			path = GachaResources;
			sourceTree = "<group>";
		};
		A6E77AB8225E435300942EF3 /* background */ = {
			isa = PBXGroup;
			children = (
				A6E77AB9225E435300942EF3 /* bg_blue@2x.png */,
				A6E77ABA225E435300942EF3 /* bg_gold@2x.png */,
				A6E77ABB225E435300942EF3 /* gacha@2x.png */,
				A6E77ABC225E435300942EF3 /* bg_red@2x.png */,
			);
			path = background;
			sourceTree = "<group>";
		};
		A6E77ABD225E435300942EF3 /* monster */ = {
			isa = PBXGroup;
			children = (
				A6E77ABE225E435300942EF3 /* monster005.png */,
				A6E77ABF225E435300942EF3 /* monster010.png */,
				A6E77AC0225E435300942EF3 /* monster004.png */,
				A6E77AC1225E435300942EF3 /* monster006.png */,
				A6E77AC2225E435300942EF3 /* monster007.png */,
				A6E77AC3225E435300942EF3 /* monster003.png */,
				A6E77AC4225E435300942EF3 /* monster002.png */,
				A6E77AC5225E435300942EF3 /* monster001.png */,
				A6E77AC6225E435300942EF3 /* monster009.png */,
				A6E77AC7225E435300942EF3 /* monster008.png */,
			);
			path = monster;
			sourceTree = "<group>";
		};
/* End PBXGroup section */

/* Begin PBXNativeTarget section */
		A6E77A84225E422100942EF3 /* GachTech */ = {
			isa = PBXNativeTarget;
			buildConfigurationList = A6E77AAD225E422500942EF3 /* Build configuration list for PBXNativeTarget "GachTech" */;
			buildPhases = (
				A6E77A81225E422100942EF3 /* Sources */,
				A6E77A82225E422100942EF3 /* Frameworks */,
				A6E77A83225E422100942EF3 /* Resources */,
			);
			buildRules = (
			);
			dependencies = (
			);
			name = GachTech;
			productName = GachTech;
			productReference = A6E77A85225E422100942EF3 /* GachTech.app */;
			productType = "com.apple.product-type.application";
		};
		A6E77A98225E422500942EF3 /* GachTechTests */ = {
			isa = PBXNativeTarget;
			buildConfigurationList = A6E77AB0225E422500942EF3 /* Build configuration list for PBXNativeTarget "GachTechTests" */;
			buildPhases = (
				A6E77A95225E422500942EF3 /* Sources */,
				A6E77A96225E422500942EF3 /* Frameworks */,
				A6E77A97225E422500942EF3 /* Resources */,
			);
			buildRules = (
			);
			dependencies = (
				A6E77A9B225E422500942EF3 /* PBXTargetDependency */,
			);
			name = GachTechTests;
			productName = GachTechTests;
			productReference = A6E77A99225E422500942EF3 /* GachTechTests.xctest */;
			productType = "com.apple.product-type.bundle.unit-test";
		};
		A6E77AA3225E422500942EF3 /* GachTechUITests */ = {
			isa = PBXNativeTarget;
			buildConfigurationList = A6E77AB3225E422500942EF3 /* Build configuration list for PBXNativeTarget "GachTechUITests" */;
			buildPhases = (
				A6E77AA0225E422500942EF3 /* Sources */,
				A6E77AA1225E422500942EF3 /* Frameworks */,
				A6E77AA2225E422500942EF3 /* Resources */,
			);
			buildRules = (
			);
			dependencies = (
				A6E77AA6225E422500942EF3 /* PBXTargetDependency */,
			);
			name = GachTechUITests;
			productName = GachTechUITests;
			productReference = A6E77AA4225E422500942EF3 /* GachTechUITests.xctest */;
			productType = "com.apple.product-type.bundle.ui-testing";
		};
/* End PBXNativeTarget section */

/* Begin PBXProject section */
		A6E77A7D225E422100942EF3 /* Project object */ = {
			isa = PBXProject;
			attributes = {
				LastSwiftUpdateCheck = 1020;
				LastUpgradeCheck = 1020;
				ORGANIZATIONNAME = DaikiMori;
				TargetAttributes = {
					A6E77A84225E422100942EF3 = {
						CreatedOnToolsVersion = 10.2;
					};
					A6E77A98225E422500942EF3 = {
						CreatedOnToolsVersion = 10.2;
						TestTargetID = A6E77A84225E422100942EF3;
					};
					A6E77AA3225E422500942EF3 = {
						CreatedOnToolsVersion = 10.2;
						TestTargetID = A6E77A84225E422100942EF3;
					};
				};
			};
			buildConfigurationList = A6E77A80225E422100942EF3 /* Build configuration list for PBXProject "GachTech" */;
			compatibilityVersion = "Xcode 9.3";
			developmentRegion = en;
			hasScannedForEncodings = 0;
			knownRegions = (
				en,
				Base,
			);
			mainGroup = A6E77A7C225E422100942EF3;
			productRefGroup = A6E77A86225E422100942EF3 /* Products */;
			projectDirPath = "";
			projectRoot = "";
			targets = (
				A6E77A84225E422100942EF3 /* GachTech */,
				A6E77A98225E422500942EF3 /* GachTechTests */,
				A6E77AA3225E422500942EF3 /* GachTechUITests */,
			);
		};
/* End PBXProject section */

/* Begin PBXResourcesBuildPhase section */
		A6E77A83225E422100942EF3 /* Resources */ = {
			isa = PBXResourcesBuildPhase;
			buildActionMask = 2147483647;
			files = (
				A6E77ACB225E435300942EF3 /* bg_red@2x.png in Resources */,
				A6E77A93225E422400942EF3 /* LaunchScreen.storyboard in Resources */,
				A6E77AD4225E435300942EF3 /* monster009.png in Resources */,
				A6E77AC9225E435300942EF3 /* bg_gold@2x.png in Resources */,
				A6E77AD1225E435300942EF3 /* monster003.png in Resources */,
				A6E77AD3225E435300942EF3 /* monster001.png in Resources */,
				A6E77AD5225E435300942EF3 /* monster008.png in Resources */,
				A6E77A90225E422400942EF3 /* Assets.xcassets in Resources */,
				A6E77AD0225E435300942EF3 /* monster007.png in Resources */,
				A6E77ACA225E435300942EF3 /* gacha@2x.png in Resources */,
				A6E77AD2225E435300942EF3 /* monster002.png in Resources */,
				A6E77A8E225E422100942EF3 /* Main.storyboard in Resources */,
				A6E77ACD225E435300942EF3 /* monster010.png in Resources */,
				A6E77ACF225E435300942EF3 /* monster006.png in Resources */,
				A6E77ACC225E435300942EF3 /* monster005.png in Resources */,
				A6E77AC8225E435300942EF3 /* bg_blue@2x.png in Resources */,
				A6E77ACE225E435300942EF3 /* monster004.png in Resources */,
			);
			runOnlyForDeploymentPostprocessing = 0;
		};
		A6E77A97225E422500942EF3 /* Resources */ = {
			isa = PBXResourcesBuildPhase;
			buildActionMask = 2147483647;
			files = (
			);
			runOnlyForDeploymentPostprocessing = 0;
		};
		A6E77AA2225E422500942EF3 /* Resources */ = {
			isa = PBXResourcesBuildPhase;
			buildActionMask = 2147483647;
			files = (
			);
			runOnlyForDeploymentPostprocessing = 0;
		};
/* End PBXResourcesBuildPhase section */

/* Begin PBXSourcesBuildPhase section */
		A6E77A81225E422100942EF3 /* Sources */ = {
			isa = PBXSourcesBuildPhase;
			buildActionMask = 2147483647;
			files = (
				A6E77A8B225E422100942EF3 /* ViewController.swift in Sources */,
				A6E77A89225E422100942EF3 /* AppDelegate.swift in Sources */,
				A6E77AD7225E462E00942EF3 /* ResultViewController.swift in Sources */,
			);
			runOnlyForDeploymentPostprocessing = 0;
		};
		A6E77A95225E422500942EF3 /* Sources */ = {
			isa = PBXSourcesBuildPhase;
			buildActionMask = 2147483647;
			files = (
				A6E77A9E225E422500942EF3 /* GachTechTests.swift in Sources */,
			);
			runOnlyForDeploymentPostprocessing = 0;
		};
		A6E77AA0225E422500942EF3 /* Sources */ = {
			isa = PBXSourcesBuildPhase;
			buildActionMask = 2147483647;
			files = (
				A6E77AA9225E422500942EF3 /* GachTechUITests.swift in Sources */,
			);
			runOnlyForDeploymentPostprocessing = 0;
		};
/* End PBXSourcesBuildPhase section */

/* Begin PBXTargetDependency section */
		A6E77A9B225E422500942EF3 /* PBXTargetDependency */ = {
			isa = PBXTargetDependency;
			target = A6E77A84225E422100942EF3 /* GachTech */;
			targetProxy = A6E77A9A225E422500942EF3 /* PBXContainerItemProxy */;
		};
		A6E77AA6225E422500942EF3 /* PBXTargetDependency */ = {
			isa = PBXTargetDependency;
			target = A6E77A84225E422100942EF3 /* GachTech */;
			targetProxy = A6E77AA5225E422500942EF3 /* PBXContainerItemProxy */;
		};
/* End PBXTargetDependency section */

/* Begin PBXVariantGroup section */
		A6E77A8C225E422100942EF3 /* Main.storyboard */ = {
			isa = PBXVariantGroup;
			children = (
				A6E77A8D225E422100942EF3 /* Base */,
			);
			name = Main.storyboard;
			sourceTree = "<group>";
		};
		A6E77A91225E422400942EF3 /* LaunchScreen.storyboard */ = {
			isa = PBXVariantGroup;
			children = (
				A6E77A92225E422400942EF3 /* Base */,
			);
			name = LaunchScreen.storyboard;
			sourceTree = "<group>";
		};
/* End PBXVariantGroup section */

/* Begin XCBuildConfiguration section */
		A6E77AAB225E422500942EF3 /* Debug */ = {
			isa = XCBuildConfiguration;
			buildSettings = {
				ALWAYS_SEARCH_USER_PATHS = NO;
				CLANG_ANALYZER_NONNULL = YES;
				CLANG_ANALYZER_NUMBER_OBJECT_CONVERSION = YES_AGGRESSIVE;
				CLANG_CXX_LANGUAGE_STANDARD = "gnu++14";
				CLANG_CXX_LIBRARY = "libc++";
				CLANG_ENABLE_MODULES = YES;
				CLANG_ENABLE_OBJC_ARC = YES;
				CLANG_ENABLE_OBJC_WEAK = YES;
				CLANG_WARN_BLOCK_CAPTURE_AUTORELEASING = YES;
				CLANG_WARN_BOOL_CONVERSION = YES;
				CLANG_WARN_COMMA = YES;
				CLANG_WARN_CONSTANT_CONVERSION = YES;
				CLANG_WARN_DEPRECATED_OBJC_IMPLEMENTATIONS = YES;
				CLANG_WARN_DIRECT_OBJC_ISA_USAGE = YES_ERROR;
				CLANG_WARN_DOCUMENTATION_COMMENTS = YES;
				CLANG_WARN_EMPTY_BODY = YES;
				CLANG_WARN_ENUM_CONVERSION = YES;
				CLANG_WARN_INFINITE_RECURSION = YES;
				CLANG_WARN_INT_CONVERSION = YES;
				CLANG_WARN_NON_LITERAL_NULL_CONVERSION = YES;
				CLANG_WARN_OBJC_IMPLICIT_RETAIN_SELF = YES;
				CLANG_WARN_OBJC_LITERAL_CONVERSION = YES;
				CLANG_WARN_OBJC_ROOT_CLASS = YES_ERROR;
				CLANG_WARN_RANGE_LOOP_ANALYSIS = YES;
				CLANG_WARN_STRICT_PROTOTYPES = YES;
				CLANG_WARN_SUSPICIOUS_MOVE = YES;
				CLANG_WARN_UNGUARDED_AVAILABILITY = YES_AGGRESSIVE;
				CLANG_WARN_UNREACHABLE_CODE = YES;
				CLANG_WARN__DUPLICATE_METHOD_MATCH = YES;
				CODE_SIGN_IDENTITY = "iPhone Developer";
				COPY_PHASE_STRIP = NO;
				DEBUG_INFORMATION_FORMAT = dwarf;
				ENABLE_STRICT_OBJC_MSGSEND = YES;
				ENABLE_TESTABILITY = YES;
				GCC_C_LANGUAGE_STANDARD = gnu11;
				GCC_DYNAMIC_NO_PIC = NO;
				GCC_NO_COMMON_BLOCKS = YES;
				GCC_OPTIMIZATION_LEVEL = 0;
				GCC_PREPROCESSOR_DEFINITIONS = (
					"DEBUG=1",
					"$(inherited)",
				);
				GCC_WARN_64_TO_32_BIT_CONVERSION = YES;
				GCC_WARN_ABOUT_RETURN_TYPE = YES_ERROR;
				GCC_WARN_UNDECLARED_SELECTOR = YES;
				GCC_WARN_UNINITIALIZED_AUTOS = YES_AGGRESSIVE;
				GCC_WARN_UNUSED_FUNCTION = YES;
				GCC_WARN_UNUSED_VARIABLE = YES;
				IPHONEOS_DEPLOYMENT_TARGET = 12.2;
				MTL_ENABLE_DEBUG_INFO = INCLUDE_SOURCE;
				MTL_FAST_MATH = YES;
				ONLY_ACTIVE_ARCH = YES;
				SDKROOT = iphoneos;
				SWIFT_ACTIVE_COMPILATION_CONDITIONS = DEBUG;
				SWIFT_OPTIMIZATION_LEVEL = "-Onone";
			};
			name = Debug;
		};
		A6E77AAC225E422500942EF3 /* Release */ = {
			isa = XCBuildConfiguration;
			buildSettings = {
				ALWAYS_SEARCH_USER_PATHS = NO;
				CLANG_ANALYZER_NONNULL = YES;
				CLANG_ANALYZER_NUMBER_OBJECT_CONVERSION = YES_AGGRESSIVE;
				CLANG_CXX_LANGUAGE_STANDARD = "gnu++14";
				CLANG_CXX_LIBRARY = "libc++";
				CLANG_ENABLE_MODULES = YES;
				CLANG_ENABLE_OBJC_ARC = YES;
				CLANG_ENABLE_OBJC_WEAK = YES;
				CLANG_WARN_BLOCK_CAPTURE_AUTORELEASING = YES;
				CLANG_WARN_BOOL_CONVERSION = YES;
				CLANG_WARN_COMMA = YES;
				CLANG_WARN_CONSTANT_CONVERSION = YES;
				CLANG_WARN_DEPRECATED_OBJC_IMPLEMENTATIONS = YES;
				CLANG_WARN_DIRECT_OBJC_ISA_USAGE = YES_ERROR;
				CLANG_WARN_DOCUMENTATION_COMMENTS = YES;
				CLANG_WARN_EMPTY_BODY = YES;
				CLANG_WARN_ENUM_CONVERSION = YES;
				CLANG_WARN_INFINITE_RECURSION = YES;
				CLANG_WARN_INT_CONVERSION = YES;
				CLANG_WARN_NON_LITERAL_NULL_CONVERSION = YES;
				CLANG_WARN_OBJC_IMPLICIT_RETAIN_SELF = YES;
				CLANG_WARN_OBJC_LITERAL_CONVERSION = YES;
				CLANG_WARN_OBJC_ROOT_CLASS = YES_ERROR;
				CLANG_WARN_RANGE_LOOP_ANALYSIS = YES;
				CLANG_WARN_STRICT_PROTOTYPES = YES;
				CLANG_WARN_SUSPICIOUS_MOVE = YES;
				CLANG_WARN_UNGUARDED_AVAILABILITY = YES_AGGRESSIVE;
				CLANG_WARN_UNREACHABLE_CODE = YES;
				CLANG_WARN__DUPLICATE_METHOD_MATCH = YES;
				CODE_SIGN_IDENTITY = "iPhone Developer";
				COPY_PHASE_STRIP = NO;
				DEBUG_INFORMATION_FORMAT = "dwarf-with-dsym";
				ENABLE_NS_ASSERTIONS = NO;
				ENABLE_STRICT_OBJC_MSGSEND = YES;
				GCC_C_LANGUAGE_STANDARD = gnu11;
				GCC_NO_COMMON_BLOCKS = YES;
				GCC_WARN_64_TO_32_BIT_CONVERSION = YES;
				GCC_WARN_ABOUT_RETURN_TYPE = YES_ERROR;
				GCC_WARN_UNDECLARED_SELECTOR = YES;
				GCC_WARN_UNINITIALIZED_AUTOS = YES_AGGRESSIVE;
				GCC_WARN_UNUSED_FUNCTION = YES;
				GCC_WARN_UNUSED_VARIABLE = YES;
				IPHONEOS_DEPLOYMENT_TARGET = 12.2;
				MTL_ENABLE_DEBUG_INFO = NO;
				MTL_FAST_MATH = YES;
				SDKROOT = iphoneos;
				SWIFT_COMPILATION_MODE = wholemodule;
				SWIFT_OPTIMIZATION_LEVEL = "-O";
				VALIDATE_PRODUCT = YES;
			};
			name = Release;
		};
		A6E77AAE225E422500942EF3 /* Debug */ = {
			isa = XCBuildConfiguration;
			buildSettings = {
				ASSETCATALOG_COMPILER_APPICON_NAME = AppIcon;
				CODE_SIGN_STYLE = Automatic;
				DEVELOPMENT_TEAM = FN9942D2CW;
				INFOPLIST_FILE = GachTech/Info.plist;
				LD_RUNPATH_SEARCH_PATHS = (
					"$(inherited)",
					"@executable_path/Frameworks",
				);
				PRODUCT_BUNDLE_IDENTIFIER = "Swift-Beginners.GachTech";
				PRODUCT_NAME = "$(TARGET_NAME)";
				SWIFT_VERSION = 5.0;
				TARGETED_DEVICE_FAMILY = "1,2";
			};
			name = Debug;
		};
		A6E77AAF225E422500942EF3 /* Release */ = {
			isa = XCBuildConfiguration;
			buildSettings = {
				ASSETCATALOG_COMPILER_APPICON_NAME = AppIcon;
				CODE_SIGN_STYLE = Automatic;
				DEVELOPMENT_TEAM = FN9942D2CW;
				INFOPLIST_FILE = GachTech/Info.plist;
				LD_RUNPATH_SEARCH_PATHS = (
					"$(inherited)",
					"@executable_path/Frameworks",
				);
				PRODUCT_BUNDLE_IDENTIFIER = "Swift-Beginners.GachTech";
				PRODUCT_NAME = "$(TARGET_NAME)";
				SWIFT_VERSION = 5.0;
				TARGETED_DEVICE_FAMILY = "1,2";
			};
			name = Release;
		};
		A6E77AB1225E422500942EF3 /* Debug */ = {
			isa = XCBuildConfiguration;
			buildSettings = {
				ALWAYS_EMBED_SWIFT_STANDARD_LIBRARIES = YES;
				BUNDLE_LOADER = "$(TEST_HOST)";
				CODE_SIGN_STYLE = Automatic;
				DEVELOPMENT_TEAM = FN9942D2CW;
				INFOPLIST_FILE = GachTechTests/Info.plist;
				LD_RUNPATH_SEARCH_PATHS = (
					"$(inherited)",
					"@executable_path/Frameworks",
					"@loader_path/Frameworks",
				);
				PRODUCT_BUNDLE_IDENTIFIER = "Swift-Beginners.GachTechTests";
				PRODUCT_NAME = "$(TARGET_NAME)";
				SWIFT_VERSION = 5.0;
				TARGETED_DEVICE_FAMILY = "1,2";
				TEST_HOST = "$(BUILT_PRODUCTS_DIR)/GachTech.app/GachTech";
			};
			name = Debug;
		};
		A6E77AB2225E422500942EF3 /* Release */ = {
			isa = XCBuildConfiguration;
			buildSettings = {
				ALWAYS_EMBED_SWIFT_STANDARD_LIBRARIES = YES;
				BUNDLE_LOADER = "$(TEST_HOST)";
				CODE_SIGN_STYLE = Automatic;
				DEVELOPMENT_TEAM = FN9942D2CW;
				INFOPLIST_FILE = GachTechTests/Info.plist;
				LD_RUNPATH_SEARCH_PATHS = (
					"$(inherited)",
					"@executable_path/Frameworks",
					"@loader_path/Frameworks",
				);
				PRODUCT_BUNDLE_IDENTIFIER = "Swift-Beginners.GachTechTests";
				PRODUCT_NAME = "$(TARGET_NAME)";
				SWIFT_VERSION = 5.0;
				TARGETED_DEVICE_FAMILY = "1,2";
				TEST_HOST = "$(BUILT_PRODUCTS_DIR)/GachTech.app/GachTech";
			};
			name = Release;
		};
		A6E77AB4225E422500942EF3 /* Debug */ = {
			isa = XCBuildConfiguration;
			buildSettings = {
				ALWAYS_EMBED_SWIFT_STANDARD_LIBRARIES = YES;
				CODE_SIGN_STYLE = Automatic;
				DEVELOPMENT_TEAM = FN9942D2CW;
				INFOPLIST_FILE = GachTechUITests/Info.plist;
				LD_RUNPATH_SEARCH_PATHS = (
					"$(inherited)",
					"@executable_path/Frameworks",
					"@loader_path/Frameworks",
				);
				PRODUCT_BUNDLE_IDENTIFIER = "Swift-Beginners.GachTechUITests";
				PRODUCT_NAME = "$(TARGET_NAME)";
				SWIFT_VERSION = 5.0;
				TARGETED_DEVICE_FAMILY = "1,2";
				TEST_TARGET_NAME = GachTech;
			};
			name = Debug;
		};
		A6E77AB5225E422500942EF3 /* Release */ = {
			isa = XCBuildConfiguration;
			buildSettings = {
				ALWAYS_EMBED_SWIFT_STANDARD_LIBRARIES = YES;
				CODE_SIGN_STYLE = Automatic;
				DEVELOPMENT_TEAM = FN9942D2CW;
				INFOPLIST_FILE = GachTechUITests/Info.plist;
				LD_RUNPATH_SEARCH_PATHS = (
					"$(inherited)",
					"@executable_path/Frameworks",
					"@loader_path/Frameworks",
				);
				PRODUCT_BUNDLE_IDENTIFIER = "Swift-Beginners.GachTechUITests";
				PRODUCT_NAME = "$(TARGET_NAME)";
				SWIFT_VERSION = 5.0;
				TARGETED_DEVICE_FAMILY = "1,2";
				TEST_TARGET_NAME = GachTech;
			};
			name = Release;
		};
/* End XCBuildConfiguration section */

/* Begin XCConfigurationList section */
		A6E77A80225E422100942EF3 /* Build configuration list for PBXProject "GachTech" */ = {
			isa = XCConfigurationList;
			buildConfigurations = (
				A6E77AAB225E422500942EF3 /* Debug */,
				A6E77AAC225E422500942EF3 /* Release */,
			);
			defaultConfigurationIsVisible = 0;
			defaultConfigurationName = Release;
		};
		A6E77AAD225E422500942EF3 /* Build configuration list for PBXNativeTarget "GachTech" */ = {
			isa = XCConfigurationList;
			buildConfigurations = (
				A6E77AAE225E422500942EF3 /* Debug */,
				A6E77AAF225E422500942EF3 /* Release */,
			);
			defaultConfigurationIsVisible = 0;
			defaultConfigurationName = Release;
		};
		A6E77AB0225E422500942EF3 /* Build configuration list for PBXNativeTarget "GachTechTests" */ = {
			isa = XCConfigurationList;
			buildConfigurations = (
				A6E77AB1225E422500942EF3 /* Debug */,
				A6E77AB2225E422500942EF3 /* Release */,
			);
			defaultConfigurationIsVisible = 0;
			defaultConfigurationName = Release;
		};
		A6E77AB3225E422500942EF3 /* Build configuration list for PBXNativeTarget "GachTechUITests" */ = {
			isa = XCConfigurationList;
			buildConfigurations = (
				A6E77AB4225E422500942EF3 /* Debug */,
				A6E77AB5225E422500942EF3 /* Release */,
			);
			defaultConfigurationIsVisible = 0;
			defaultConfigurationName = Release;
		};
/* End XCConfigurationList section */
	};
	rootObject = A6E77A7D225E422100942EF3 /* Project object */;
}
