// !$*UTF8*$!
{
	archiveVersion = 1;
	classes = {
	};
	objectVersion = 50;
	objects = {

/* Begin PBXBuildFile section */
		A60CF19D2259D0AB00CFC458 /* AppDelegate.swift in Sources */ = {isa = PBXBuildFile; fileRef = A60CF19C2259D0AB00CFC458 /* AppDelegate.swift */; };
		A60CF19F2259D0AB00CFC458 /* ViewController.swift in Sources */ = {isa = PBXBuildFile; fileRef = A60CF19E2259D0AB00CFC458 /* ViewController.swift */; };
		A60CF1A22259D0AB00CFC458 /* Main.storyboard in Resources */ = {isa = PBXBuildFile; fileRef = A60CF1A02259D0AB00CFC458 /* Main.storyboard */; };
		A60CF1A42259D0AD00CFC458 /* Assets.xcassets in Resources */ = {isa = PBXBuildFile; fileRef = A60CF1A32259D0AD00CFC458 /* Assets.xcassets */; };
		A60CF1A72259D0AD00CFC458 /* LaunchScreen.storyboard in Resources */ = {isa = PBXBuildFile; fileRef = A60CF1A52259D0AD00CFC458 /* LaunchScreen.storyboard */; };
		A60CF1B22259D0AD00CFC458 /* Count3Tests.swift in Sources */ = {isa = PBXBuildFile; fileRef = A60CF1B12259D0AD00CFC458 /* Count3Tests.swift */; };
		A60CF1BD2259D0AD00CFC458 /* Count3UITests.swift in Sources */ = {isa = PBXBuildFile; fileRef = A60CF1BC2259D0AD00CFC458 /* Count3UITests.swift */; };
		A60CF1CB2259D31D00CFC458 /* 20170401 #1_171124_0054.jpg in Resources */ = {isa = PBXBuildFile; fileRef = A60CF1CA2259D31D00CFC458 /* 20170401 #1_171124_0054.jpg */; };
/* End PBXBuildFile section */

/* Begin PBXContainerItemProxy section */
		A60CF1AE2259D0AD00CFC458 /* PBXContainerItemProxy */ = {
			isa = PBXContainerItemProxy;
			containerPortal = A60CF1912259D0AB00CFC458 /* Project object */;
			proxyType = 1;
			remoteGlobalIDString = A60CF1982259D0AB00CFC458;
			remoteInfo = Count3;
		};
		A60CF1B92259D0AD00CFC458 /* PBXContainerItemProxy */ = {
			isa = PBXContainerItemProxy;
			containerPortal = A60CF1912259D0AB00CFC458 /* Project object */;
			proxyType = 1;
			remoteGlobalIDString = A60CF1982259D0AB00CFC458;
			remoteInfo = Count3;
		};
/* End PBXContainerItemProxy section */

/* Begin PBXFileReference section */
		A60CF1992259D0AB00CFC458 /* Count3.app */ = {isa = PBXFileReference; explicitFileType = wrapper.application; includeInIndex = 0; path = Count3.app; sourceTree = BUILT_PRODUCTS_DIR; };
		A60CF19C2259D0AB00CFC458 /* AppDelegate.swift */ = {isa = PBXFileReference; lastKnownFileType = sourcecode.swift; path = AppDelegate.swift; sourceTree = "<group>"; };
		A60CF19E2259D0AB00CFC458 /* ViewController.swift */ = {isa = PBXFileReference; lastKnownFileType = sourcecode.swift; path = ViewController.swift; sourceTree = "<group>"; };
		A60CF1A12259D0AB00CFC458 /* Base */ = {isa = PBXFileReference; lastKnownFileType = file.storyboard; name = Base; path = Base.lproj/Main.storyboard; sourceTree = "<group>"; };
		A60CF1A32259D0AD00CFC458 /* Assets.xcassets */ = {isa = PBXFileReference; lastKnownFileType = folder.assetcatalog; path = Assets.xcassets; sourceTree = "<group>"; };
		A60CF1A62259D0AD00CFC458 /* Base */ = {isa = PBXFileReference; lastKnownFileType = file.storyboard; name = Base; path = Base.lproj/LaunchScreen.storyboard; sourceTree = "<group>"; };
		A60CF1A82259D0AD00CFC458 /* Info.plist */ = {isa = PBXFileReference; lastKnownFileType = text.plist.xml; path = Info.plist; sourceTree = "<group>"; };
		A60CF1AD2259D0AD00CFC458 /* Count3Tests.xctest */ = {isa = PBXFileReference; explicitFileType = wrapper.cfbundle; includeInIndex = 0; path = Count3Tests.xctest; sourceTree = BUILT_PRODUCTS_DIR; };
		A60CF1B12259D0AD00CFC458 /* Count3Tests.swift */ = {isa = PBXFileReference; lastKnownFileType = sourcecode.swift; path = Count3Tests.swift; sourceTree = "<group>"; };
		A60CF1B32259D0AD00CFC458 /* Info.plist */ = {isa = PBXFileReference; lastKnownFileType = text.plist.xml; path = Info.plist; sourceTree = "<group>"; };
		A60CF1B82259D0AD00CFC458 /* Count3UITests.xctest */ = {isa = PBXFileReference; explicitFileType = wrapper.cfbundle; includeInIndex = 0; path = Count3UITests.xctest; sourceTree = BUILT_PRODUCTS_DIR; };
		A60CF1BC2259D0AD00CFC458 /* Count3UITests.swift */ = {isa = PBXFileReference; lastKnownFileType = sourcecode.swift; path = Count3UITests.swift; sourceTree = "<group>"; };
		A60CF1BE2259D0AD00CFC458 /* Info.plist */ = {isa = PBXFileReference; lastKnownFileType = text.plist.xml; path = Info.plist; sourceTree = "<group>"; };
		A60CF1CA2259D31D00CFC458 /* 20170401 #1_171124_0054.jpg */ = {isa = PBXFileReference; lastKnownFileType = image.jpeg; path = "20170401 #1_171124_0054.jpg"; sourceTree = "<group>"; };
/* End PBXFileReference section */

/* Begin PBXFrameworksBuildPhase section */
		A60CF1962259D0AB00CFC458 /* Frameworks */ = {
			isa = PBXFrameworksBuildPhase;
			buildActionMask = 2147483647;
			files = (
			);
			runOnlyForDeploymentPostprocessing = 0;
		};
		A60CF1AA2259D0AD00CFC458 /* Frameworks */ = {
			isa = PBXFrameworksBuildPhase;
			buildActionMask = 2147483647;
			files = (
			);
			runOnlyForDeploymentPostprocessing = 0;
		};
		A60CF1B52259D0AD00CFC458 /* Frameworks */ = {
			isa = PBXFrameworksBuildPhase;
			buildActionMask = 2147483647;
			files = (
			);
			runOnlyForDeploymentPostprocessing = 0;
		};
/* End PBXFrameworksBuildPhase section */

/* Begin PBXGroup section */
		A60CF1902259D0AB00CFC458 = {
			isa = PBXGroup;
			children = (
				A60CF19B2259D0AB00CFC458 /* Count3 */,
				A60CF1B02259D0AD00CFC458 /* Count3Tests */,
				A60CF1BB2259D0AD00CFC458 /* Count3UITests */,
				A60CF19A2259D0AB00CFC458 /* Products */,
			);
			sourceTree = "<group>";
		};
		A60CF19A2259D0AB00CFC458 /* Products */ = {
			isa = PBXGroup;
			children = (
				A60CF1992259D0AB00CFC458 /* Count3.app */,
				A60CF1AD2259D0AD00CFC458 /* Count3Tests.xctest */,
				A60CF1B82259D0AD00CFC458 /* Count3UITests.xctest */,
			);
			name = Products;
			sourceTree = "<group>";
		};
		A60CF19B2259D0AB00CFC458 /* Count3 */ = {
			isa = PBXGroup;
			children = (
				A60CF1CA2259D31D00CFC458 /* 20170401 #1_171124_0054.jpg */,
				A60CF19C2259D0AB00CFC458 /* AppDelegate.swift */,
				A60CF19E2259D0AB00CFC458 /* ViewController.swift */,
				A60CF1A02259D0AB00CFC458 /* Main.storyboard */,
				A60CF1A32259D0AD00CFC458 /* Assets.xcassets */,
				A60CF1A52259D0AD00CFC458 /* LaunchScreen.storyboard */,
				A60CF1A82259D0AD00CFC458 /* Info.plist */,
			);
			path = Count3;
			sourceTree = "<group>";
		};
		A60CF1B02259D0AD00CFC458 /* Count3Tests */ = {
			isa = PBXGroup;
			children = (
				A60CF1B12259D0AD00CFC458 /* Count3Tests.swift */,
				A60CF1B32259D0AD00CFC458 /* Info.plist */,
			);
			path = Count3Tests;
			sourceTree = "<group>";
		};
		A60CF1BB2259D0AD00CFC458 /* Count3UITests */ = {
			isa = PBXGroup;
			children = (
				A60CF1BC2259D0AD00CFC458 /* Count3UITests.swift */,
				A60CF1BE2259D0AD00CFC458 /* Info.plist */,
			);
			path = Count3UITests;
			sourceTree = "<group>";
		};
/* End PBXGroup section */

/* Begin PBXNativeTarget section */
		A60CF1982259D0AB00CFC458 /* Count3 */ = {
			isa = PBXNativeTarget;
			buildConfigurationList = A60CF1C12259D0AD00CFC458 /* Build configuration list for PBXNativeTarget "Count3" */;
			buildPhases = (
				A60CF1952259D0AB00CFC458 /* Sources */,
				A60CF1962259D0AB00CFC458 /* Frameworks */,
				A60CF1972259D0AB00CFC458 /* Resources */,
			);
			buildRules = (
			);
			dependencies = (
			);
			name = Count3;
			productName = Count3;
			productReference = A60CF1992259D0AB00CFC458 /* Count3.app */;
			productType = "com.apple.product-type.application";
		};
		A60CF1AC2259D0AD00CFC458 /* Count3Tests */ = {
			isa = PBXNativeTarget;
			buildConfigurationList = A60CF1C42259D0AD00CFC458 /* Build configuration list for PBXNativeTarget "Count3Tests" */;
			buildPhases = (
				A60CF1A92259D0AD00CFC458 /* Sources */,
				A60CF1AA2259D0AD00CFC458 /* Frameworks */,
				A60CF1AB2259D0AD00CFC458 /* Resources */,
			);
			buildRules = (
			);
			dependencies = (
				A60CF1AF2259D0AD00CFC458 /* PBXTargetDependency */,
			);
			name = Count3Tests;
			productName = Count3Tests;
			productReference = A60CF1AD2259D0AD00CFC458 /* Count3Tests.xctest */;
			productType = "com.apple.product-type.bundle.unit-test";
		};
		A60CF1B72259D0AD00CFC458 /* Count3UITests */ = {
			isa = PBXNativeTarget;
			buildConfigurationList = A60CF1C72259D0AD00CFC458 /* Build configuration list for PBXNativeTarget "Count3UITests" */;
			buildPhases = (
				A60CF1B42259D0AD00CFC458 /* Sources */,
				A60CF1B52259D0AD00CFC458 /* Frameworks */,
				A60CF1B62259D0AD00CFC458 /* Resources */,
			);
			buildRules = (
			);
			dependencies = (
				A60CF1BA2259D0AD00CFC458 /* PBXTargetDependency */,
			);
			name = Count3UITests;
			productName = Count3UITests;
			productReference = A60CF1B82259D0AD00CFC458 /* Count3UITests.xctest */;
			productType = "com.apple.product-type.bundle.ui-testing";
		};
/* End PBXNativeTarget section */

/* Begin PBXProject section */
		A60CF1912259D0AB00CFC458 /* Project object */ = {
			isa = PBXProject;
			attributes = {
				LastSwiftUpdateCheck = 1020;
				LastUpgradeCheck = 1020;
				ORGANIZATIONNAME = DaikiMori;
				TargetAttributes = {
					A60CF1982259D0AB00CFC458 = {
						CreatedOnToolsVersion = 10.2;
					};
					A60CF1AC2259D0AD00CFC458 = {
						CreatedOnToolsVersion = 10.2;
						TestTargetID = A60CF1982259D0AB00CFC458;
					};
					A60CF1B72259D0AD00CFC458 = {
						CreatedOnToolsVersion = 10.2;
						TestTargetID = A60CF1982259D0AB00CFC458;
					};
				};
			};
			buildConfigurationList = A60CF1942259D0AB00CFC458 /* Build configuration list for PBXProject "Count3" */;
			compatibilityVersion = "Xcode 9.3";
			developmentRegion = en;
			hasScannedForEncodings = 0;
			knownRegions = (
				en,
				Base,
			);
			mainGroup = A60CF1902259D0AB00CFC458;
			productRefGroup = A60CF19A2259D0AB00CFC458 /* Products */;
			projectDirPath = "";
			projectRoot = "";
			targets = (
				A60CF1982259D0AB00CFC458 /* Count3 */,
				A60CF1AC2259D0AD00CFC458 /* Count3Tests */,
				A60CF1B72259D0AD00CFC458 /* Count3UITests */,
			);
		};
/* End PBXProject section */

/* Begin PBXResourcesBuildPhase section */
		A60CF1972259D0AB00CFC458 /* Resources */ = {
			isa = PBXResourcesBuildPhase;
			buildActionMask = 2147483647;
			files = (
				A60CF1CB2259D31D00CFC458 /* 20170401 #1_171124_0054.jpg in Resources */,
				A60CF1A72259D0AD00CFC458 /* LaunchScreen.storyboard in Resources */,
				A60CF1A42259D0AD00CFC458 /* Assets.xcassets in Resources */,
				A60CF1A22259D0AB00CFC458 /* Main.storyboard in Resources */,
			);
			runOnlyForDeploymentPostprocessing = 0;
		};
		A60CF1AB2259D0AD00CFC458 /* Resources */ = {
			isa = PBXResourcesBuildPhase;
			buildActionMask = 2147483647;
			files = (
			);
			runOnlyForDeploymentPostprocessing = 0;
		};
		A60CF1B62259D0AD00CFC458 /* Resources */ = {
			isa = PBXResourcesBuildPhase;
			buildActionMask = 2147483647;
			files = (
			);
			runOnlyForDeploymentPostprocessing = 0;
		};
/* End PBXResourcesBuildPhase section */

/* Begin PBXSourcesBuildPhase section */
		A60CF1952259D0AB00CFC458 /* Sources */ = {
			isa = PBXSourcesBuildPhase;
			buildActionMask = 2147483647;
			files = (
				A60CF19F2259D0AB00CFC458 /* ViewController.swift in Sources */,
				A60CF19D2259D0AB00CFC458 /* AppDelegate.swift in Sources */,
			);
			runOnlyForDeploymentPostprocessing = 0;
		};
		A60CF1A92259D0AD00CFC458 /* Sources */ = {
			isa = PBXSourcesBuildPhase;
			buildActionMask = 2147483647;
			files = (
				A60CF1B22259D0AD00CFC458 /* Count3Tests.swift in Sources */,
			);
			runOnlyForDeploymentPostprocessing = 0;
		};
		A60CF1B42259D0AD00CFC458 /* Sources */ = {
			isa = PBXSourcesBuildPhase;
			buildActionMask = 2147483647;
			files = (
				A60CF1BD2259D0AD00CFC458 /* Count3UITests.swift in Sources */,
			);
			runOnlyForDeploymentPostprocessing = 0;
		};
/* End PBXSourcesBuildPhase section */

/* Begin PBXTargetDependency section */
		A60CF1AF2259D0AD00CFC458 /* PBXTargetDependency */ = {
			isa = PBXTargetDependency;
			target = A60CF1982259D0AB00CFC458 /* Count3 */;
			targetProxy = A60CF1AE2259D0AD00CFC458 /* PBXContainerItemProxy */;
		};
		A60CF1BA2259D0AD00CFC458 /* PBXTargetDependency */ = {
			isa = PBXTargetDependency;
			target = A60CF1982259D0AB00CFC458 /* Count3 */;
			targetProxy = A60CF1B92259D0AD00CFC458 /* PBXContainerItemProxy */;
		};
/* End PBXTargetDependency section */

/* Begin PBXVariantGroup section */
		A60CF1A02259D0AB00CFC458 /* Main.storyboard */ = {
			isa = PBXVariantGroup;
			children = (
				A60CF1A12259D0AB00CFC458 /* Base */,
			);
			name = Main.storyboard;
			sourceTree = "<group>";
		};
		A60CF1A52259D0AD00CFC458 /* LaunchScreen.storyboard */ = {
			isa = PBXVariantGroup;
			children = (
				A60CF1A62259D0AD00CFC458 /* Base */,
			);
			name = LaunchScreen.storyboard;
			sourceTree = "<group>";
		};
/* End PBXVariantGroup section */

/* Begin XCBuildConfiguration section */
		A60CF1BF2259D0AD00CFC458 /* Debug */ = {
			isa = XCBuildConfiguration;
			buildSettings = {
				ALWAYS_SEARCH_USER_PATHS = NO;
				CLANG_ANALYZER_NONNULL = YES;
				CLANG_ANALYZER_NUMBER_OBJECT_CONVERSION = YES_AGGRESSIVE;
				CLANG_CXX_LANGUAGE_STANDARD = "gnu++14";
				CLANG_CXX_LIBRARY = "libc++";
				CLANG_ENABLE_MODULES = YES;
				CLANG_ENABLE_OBJC_ARC = YES;
				CLANG_ENABLE_OBJC_WEAK = YES;
				CLANG_WARN_BLOCK_CAPTURE_AUTORELEASING = YES;
				CLANG_WARN_BOOL_CONVERSION = YES;
				CLANG_WARN_COMMA = YES;
				CLANG_WARN_CONSTANT_CONVERSION = YES;
				CLANG_WARN_DEPRECATED_OBJC_IMPLEMENTATIONS = YES;
				CLANG_WARN_DIRECT_OBJC_ISA_USAGE = YES_ERROR;
				CLANG_WARN_DOCUMENTATION_COMMENTS = YES;
				CLANG_WARN_EMPTY_BODY = YES;
				CLANG_WARN_ENUM_CONVERSION = YES;
				CLANG_WARN_INFINITE_RECURSION = YES;
				CLANG_WARN_INT_CONVERSION = YES;
				CLANG_WARN_NON_LITERAL_NULL_CONVERSION = YES;
				CLANG_WARN_OBJC_IMPLICIT_RETAIN_SELF = YES;
				CLANG_WARN_OBJC_LITERAL_CONVERSION = YES;
				CLANG_WARN_OBJC_ROOT_CLASS = YES_ERROR;
				CLANG_WARN_RANGE_LOOP_ANALYSIS = YES;
				CLANG_WARN_STRICT_PROTOTYPES = YES;
				CLANG_WARN_SUSPICIOUS_MOVE = YES;
				CLANG_WARN_UNGUARDED_AVAILABILITY = YES_AGGRESSIVE;
				CLANG_WARN_UNREACHABLE_CODE = YES;
				CLANG_WARN__DUPLICATE_METHOD_MATCH = YES;
				CODE_SIGN_IDENTITY = "iPhone Developer";
				COPY_PHASE_STRIP = NO;
				DEBUG_INFORMATION_FORMAT = dwarf;
				ENABLE_STRICT_OBJC_MSGSEND = YES;
				ENABLE_TESTABILITY = YES;
				GCC_C_LANGUAGE_STANDARD = gnu11;
				GCC_DYNAMIC_NO_PIC = NO;
				GCC_NO_COMMON_BLOCKS = YES;
				GCC_OPTIMIZATION_LEVEL = 0;
				GCC_PREPROCESSOR_DEFINITIONS = (
					"DEBUG=1",
					"$(inherited)",
				);
				GCC_WARN_64_TO_32_BIT_CONVERSION = YES;
				GCC_WARN_ABOUT_RETURN_TYPE = YES_ERROR;
				GCC_WARN_UNDECLARED_SELECTOR = YES;
				GCC_WARN_UNINITIALIZED_AUTOS = YES_AGGRESSIVE;
				GCC_WARN_UNUSED_FUNCTION = YES;
				GCC_WARN_UNUSED_VARIABLE = YES;
				IPHONEOS_DEPLOYMENT_TARGET = 12.2;
				MTL_ENABLE_DEBUG_INFO = INCLUDE_SOURCE;
				MTL_FAST_MATH = YES;
				ONLY_ACTIVE_ARCH = YES;
				SDKROOT = iphoneos;
				SWIFT_ACTIVE_COMPILATION_CONDITIONS = DEBUG;
				SWIFT_OPTIMIZATION_LEVEL = "-Onone";
			};
			name = Debug;
		};
		A60CF1C02259D0AD00CFC458 /* Release */ = {
			isa = XCBuildConfiguration;
			buildSettings = {
				ALWAYS_SEARCH_USER_PATHS = NO;
				CLANG_ANALYZER_NONNULL = YES;
				CLANG_ANALYZER_NUMBER_OBJECT_CONVERSION = YES_AGGRESSIVE;
				CLANG_CXX_LANGUAGE_STANDARD = "gnu++14";
				CLANG_CXX_LIBRARY = "libc++";
				CLANG_ENABLE_MODULES = YES;
				CLANG_ENABLE_OBJC_ARC = YES;
				CLANG_ENABLE_OBJC_WEAK = YES;
				CLANG_WARN_BLOCK_CAPTURE_AUTORELEASING = YES;
				CLANG_WARN_BOOL_CONVERSION = YES;
				CLANG_WARN_COMMA = YES;
				CLANG_WARN_CONSTANT_CONVERSION = YES;
				CLANG_WARN_DEPRECATED_OBJC_IMPLEMENTATIONS = YES;
				CLANG_WARN_DIRECT_OBJC_ISA_USAGE = YES_ERROR;
				CLANG_WARN_DOCUMENTATION_COMMENTS = YES;
				CLANG_WARN_EMPTY_BODY = YES;
				CLANG_WARN_ENUM_CONVERSION = YES;
				CLANG_WARN_INFINITE_RECURSION = YES;
				CLANG_WARN_INT_CONVERSION = YES;
				CLANG_WARN_NON_LITERAL_NULL_CONVERSION = YES;
				CLANG_WARN_OBJC_IMPLICIT_RETAIN_SELF = YES;
				CLANG_WARN_OBJC_LITERAL_CONVERSION = YES;
				CLANG_WARN_OBJC_ROOT_CLASS = YES_ERROR;
				CLANG_WARN_RANGE_LOOP_ANALYSIS = YES;
				CLANG_WARN_STRICT_PROTOTYPES = YES;
				CLANG_WARN_SUSPICIOUS_MOVE = YES;
				CLANG_WARN_UNGUARDED_AVAILABILITY = YES_AGGRESSIVE;
				CLANG_WARN_UNREACHABLE_CODE = YES;
				CLANG_WARN__DUPLICATE_METHOD_MATCH = YES;
				CODE_SIGN_IDENTITY = "iPhone Developer";
				COPY_PHASE_STRIP = NO;
				DEBUG_INFORMATION_FORMAT = "dwarf-with-dsym";
				ENABLE_NS_ASSERTIONS = NO;
				ENABLE_STRICT_OBJC_MSGSEND = YES;
				GCC_C_LANGUAGE_STANDARD = gnu11;
				GCC_NO_COMMON_BLOCKS = YES;
				GCC_WARN_64_TO_32_BIT_CONVERSION = YES;
				GCC_WARN_ABOUT_RETURN_TYPE = YES_ERROR;
				GCC_WARN_UNDECLARED_SELECTOR = YES;
				GCC_WARN_UNINITIALIZED_AUTOS = YES_AGGRESSIVE;
				GCC_WARN_UNUSED_FUNCTION = YES;
				GCC_WARN_UNUSED_VARIABLE = YES;
				IPHONEOS_DEPLOYMENT_TARGET = 12.2;
				MTL_ENABLE_DEBUG_INFO = NO;
				MTL_FAST_MATH = YES;
				SDKROOT = iphoneos;
				SWIFT_COMPILATION_MODE = wholemodule;
				SWIFT_OPTIMIZATION_LEVEL = "-O";
				VALIDATE_PRODUCT = YES;
			};
			name = Release;
		};
		A60CF1C22259D0AD00CFC458 /* Debug */ = {
			isa = XCBuildConfiguration;
			buildSettings = {
				ASSETCATALOG_COMPILER_APPICON_NAME = AppIcon;
				CODE_SIGN_STYLE = Automatic;
				DEVELOPMENT_TEAM = FN9942D2CW;
				INFOPLIST_FILE = Count3/Info.plist;
				LD_RUNPATH_SEARCH_PATHS = (
					"$(inherited)",
					"@executable_path/Frameworks",
				);
				PRODUCT_BUNDLE_IDENTIFIER = "Swift-Beginners.Count3";
				PRODUCT_NAME = "$(TARGET_NAME)";
				SWIFT_VERSION = 5.0;
				TARGETED_DEVICE_FAMILY = "1,2";
			};
			name = Debug;
		};
		A60CF1C32259D0AD00CFC458 /* Release */ = {
			isa = XCBuildConfiguration;
			buildSettings = {
				ASSETCATALOG_COMPILER_APPICON_NAME = AppIcon;
				CODE_SIGN_STYLE = Automatic;
				DEVELOPMENT_TEAM = FN9942D2CW;
				INFOPLIST_FILE = Count3/Info.plist;
				LD_RUNPATH_SEARCH_PATHS = (
					"$(inherited)",
					"@executable_path/Frameworks",
				);
				PRODUCT_BUNDLE_IDENTIFIER = "Swift-Beginners.Count3";
				PRODUCT_NAME = "$(TARGET_NAME)";
				SWIFT_VERSION = 5.0;
				TARGETED_DEVICE_FAMILY = "1,2";
			};
			name = Release;
		};
		A60CF1C52259D0AD00CFC458 /* Debug */ = {
			isa = XCBuildConfiguration;
			buildSettings = {
				ALWAYS_EMBED_SWIFT_STANDARD_LIBRARIES = YES;
				BUNDLE_LOADER = "$(TEST_HOST)";
				CODE_SIGN_STYLE = Automatic;
				DEVELOPMENT_TEAM = FN9942D2CW;
				INFOPLIST_FILE = Count3Tests/Info.plist;
				LD_RUNPATH_SEARCH_PATHS = (
					"$(inherited)",
					"@executable_path/Frameworks",
					"@loader_path/Frameworks",
				);
				PRODUCT_BUNDLE_IDENTIFIER = "Swift-Beginners.Count3Tests";
				PRODUCT_NAME = "$(TARGET_NAME)";
				SWIFT_VERSION = 5.0;
				TARGETED_DEVICE_FAMILY = "1,2";
				TEST_HOST = "$(BUILT_PRODUCTS_DIR)/Count3.app/Count3";
			};
			name = Debug;
		};
		A60CF1C62259D0AD00CFC458 /* Release */ = {
			isa = XCBuildConfiguration;
			buildSettings = {
				ALWAYS_EMBED_SWIFT_STANDARD_LIBRARIES = YES;
				BUNDLE_LOADER = "$(TEST_HOST)";
				CODE_SIGN_STYLE = Automatic;
				DEVELOPMENT_TEAM = FN9942D2CW;
				INFOPLIST_FILE = Count3Tests/Info.plist;
				LD_RUNPATH_SEARCH_PATHS = (
					"$(inherited)",
					"@executable_path/Frameworks",
					"@loader_path/Frameworks",
				);
				PRODUCT_BUNDLE_IDENTIFIER = "Swift-Beginners.Count3Tests";
				PRODUCT_NAME = "$(TARGET_NAME)";
				SWIFT_VERSION = 5.0;
				TARGETED_DEVICE_FAMILY = "1,2";
				TEST_HOST = "$(BUILT_PRODUCTS_DIR)/Count3.app/Count3";
			};
			name = Release;
		};
		A60CF1C82259D0AD00CFC458 /* Debug */ = {
			isa = XCBuildConfiguration;
			buildSettings = {
				ALWAYS_EMBED_SWIFT_STANDARD_LIBRARIES = YES;
				CODE_SIGN_STYLE = Automatic;
				DEVELOPMENT_TEAM = FN9942D2CW;
				INFOPLIST_FILE = Count3UITests/Info.plist;
				LD_RUNPATH_SEARCH_PATHS = (
					"$(inherited)",
					"@executable_path/Frameworks",
					"@loader_path/Frameworks",
				);
				PRODUCT_BUNDLE_IDENTIFIER = "Swift-Beginners.Count3UITests";
				PRODUCT_NAME = "$(TARGET_NAME)";
				SWIFT_VERSION = 5.0;
				TARGETED_DEVICE_FAMILY = "1,2";
				TEST_TARGET_NAME = Count3;
			};
			name = Debug;
		};
		A60CF1C92259D0AD00CFC458 /* Release */ = {
			isa = XCBuildConfiguration;
			buildSettings = {
				ALWAYS_EMBED_SWIFT_STANDARD_LIBRARIES = YES;
				CODE_SIGN_STYLE = Automatic;
				DEVELOPMENT_TEAM = FN9942D2CW;
				INFOPLIST_FILE = Count3UITests/Info.plist;
				LD_RUNPATH_SEARCH_PATHS = (
					"$(inherited)",
					"@executable_path/Frameworks",
					"@loader_path/Frameworks",
				);
				PRODUCT_BUNDLE_IDENTIFIER = "Swift-Beginners.Count3UITests";
				PRODUCT_NAME = "$(TARGET_NAME)";
				SWIFT_VERSION = 5.0;
				TARGETED_DEVICE_FAMILY = "1,2";
				TEST_TARGET_NAME = Count3;
			};
			name = Release;
		};
/* End XCBuildConfiguration section */

/* Begin XCConfigurationList section */
		A60CF1942259D0AB00CFC458 /* Build configuration list for PBXProject "Count3" */ = {
			isa = XCConfigurationList;
			buildConfigurations = (
				A60CF1BF2259D0AD00CFC458 /* Debug */,
				A60CF1C02259D0AD00CFC458 /* Release */,
			);
			defaultConfigurationIsVisible = 0;
			defaultConfigurationName = Release;
		};
		A60CF1C12259D0AD00CFC458 /* Build configuration list for PBXNativeTarget "Count3" */ = {
			isa = XCConfigurationList;
			buildConfigurations = (
				A60CF1C22259D0AD00CFC458 /* Debug */,
				A60CF1C32259D0AD00CFC458 /* Release */,
			);
			defaultConfigurationIsVisible = 0;
			defaultConfigurationName = Release;
		};
		A60CF1C42259D0AD00CFC458 /* Build configuration list for PBXNativeTarget "Count3Tests" */ = {
			isa = XCConfigurationList;
			buildConfigurations = (
				A60CF1C52259D0AD00CFC458 /* Debug */,
				A60CF1C62259D0AD00CFC458 /* Release */,
			);
			defaultConfigurationIsVisible = 0;
			defaultConfigurationName = Release;
		};
		A60CF1C72259D0AD00CFC458 /* Build configuration list for PBXNativeTarget "Count3UITests" */ = {
			isa = XCConfigurationList;
			buildConfigurations = (
				A60CF1C82259D0AD00CFC458 /* Debug */,
				A60CF1C92259D0AD00CFC458 /* Release */,
			);
			defaultConfigurationIsVisible = 0;
			defaultConfigurationName = Release;
		};
/* End XCConfigurationList section */
	};
	rootObject = A60CF1912259D0AB00CFC458 /* Project object */;
}
